Microsoft Visual Studio Solution File, Format Version 12.00
# Visual Studio 22
Project("{FAE04EC0-301F-11D3-BF4B-00C04F79EFBC}") = "Diva.AddinExample", "addon-modules\02AddinExample\Diva.AddinExample.csproj", "{FEAA6C20-0000-0000-0000-000000000000}"
EndProject
Project("{FAE04EC0-301F-11D3-BF4B-00C04F79EFBC}") = "Diva.Data", "addon-modules\00Data\Diva.Data.csproj", "{E5E4EF3D-0000-0000-0000-000000000000}"
EndProject
Project("{FAE04EC0-301F-11D3-BF4B-00C04F79EFBC}") = "Diva.Data.MySQL", "addon-modules\00Data\MySQL\Diva.Data.MySQL.csproj", "{55F21408-0000-0000-0000-000000000000}"
EndProject
Project("{FAE04EC0-301F-11D3-BF4B-00C04F79EFBC}") = "Diva.Data.SQLite", "addon-modules\00Data\SQLite\Diva.Data.SQLite.csproj", "{A4E5739D-0000-0000-0000-000000000000}"
EndProject
Project("{FAE04EC0-301F-11D3-BF4B-00C04F79EFBC}") = "Diva.Interfaces", "addon-modules\00DivaInterfaces\Diva.Interfaces.csproj", "{C4CA1612-0000-0000-0000-000000000000}"
EndProject
Project("{FAE04EC0-301F-11D3-BF4B-00C04F79EFBC}") = "Diva.OpenSimServices", "addon-modules\1DivaOpenSimServices\Diva.OpenSimServices.csproj", "{7A8C3500-0000-0000-0000-000000000000}"
EndProject
Project("{FAE04EC0-301F-11D3-BF4B-00C04F79EFBC}") = "Diva.Utils", "addon-modules\01DivaUtils\Diva.Utils.csproj", "{43E0D6F5-0000-0000-0000-000000000000}"
EndProject
Project("{FAE04EC0-301F-11D3-BF4B-00C04F79EFBC}") = "Diva.Wifi", "addon-modules\21Wifi\Diva.Wifi.csproj", "{21B260BA-0000-0000-0000-000000000000}"
EndProject
Project("{FAE04EC0-301F-11D3-BF4B-00C04F79EFBC}") = "Diva.Wifi.ProcessorTest", "addon-modules\ProcessorTest\Diva.Wifi.ProcessorTest.csproj", "{13A9974F-0000-0000-0000-000000000000}"
EndProject
Project("{FAE04EC0-301F-11D3-BF4B-00C04F79EFBC}") = "Diva.Wifi.ScriptEngine", "addon-modules\20WifiScriptEngine\Diva.Wifi.ScriptEngine.csproj", "{7E04A20E-0000-0000-0000-000000000000}"
EndProject
Project("{FAE04EC0-301F-11D3-BF4B-00C04F79EFBC}") = "Gloebit", "addon-modules\Gloebit\GloebitMoneyModule\Gloebit.csproj", "{69EDC49B-0000-0000-0000-000000000000}"
EndProject
Project("{FAE04EC0-301F-11D3-BF4B-00C04F79EFBC}") = "jOpenSimSearch.Modules", "addon-modules\jOpenSimSearch\Modules\jOpenSimSearch.Modules.csproj", "{0D48A0C0-0000-0000-0000-000000000000}"
EndProject
Project("{FAE04EC0-301F-11D3-BF4B-00C04F79EFBC}") = "OpenSim", "OpenSim\Region\Application\OpenSim.csproj", "{8531ACE8-0000-0000-0000-000000000000}"
EndProject
Project("{FAE04EC0-301F-11D3-BF4B-00C04F79EFBC}") = "OpenSim.Addons.Groups", "OpenSim\Addons\Groups\OpenSim.Addons.Groups.csproj", "{D2983AF0-0000-0000-0000-000000000000}"
EndProject
Project("{FAE04EC0-301F-11D3-BF4B-00C04F79EFBC}") = "OpenSim.Addons.OfflineIM", "OpenSim\Addons\OfflineIM\OpenSim.Addons.OfflineIM.csproj", "{52678DF6-0000-0000-0000-000000000000}"
EndProject
Project("{FAE04EC0-301F-11D3-BF4B-00C04F79EFBC}") = "OpenSim.ApplicationPlugins.LoadRegions", "OpenSim\ApplicationPlugins\LoadRegions\OpenSim.ApplicationPlugins.LoadRegions.csproj", "{246FDBBD-0000-0000-0000-000000000000}"
EndProject
Project("{FAE04EC0-301F-11D3-BF4B-00C04F79EFBC}") = "OpenSim.ApplicationPlugins.RegionModulesController", "OpenSim\ApplicationPlugins\RegionModulesController\OpenSim.ApplicationPlugins.RegionModulesController.csproj", "{7E0F7F68-0000-0000-0000-000000000000}"
EndProject
Project("{FAE04EC0-301F-11D3-BF4B-00C04F79EFBC}") = "OpenSim.ApplicationPlugins.RemoteController", "OpenSim\ApplicationPlugins\RemoteController\OpenSim.ApplicationPlugins.RemoteController.csproj", "{E3ACCEFC-0000-0000-0000-000000000000}"
EndProject
Project("{FAE04EC0-301F-11D3-BF4B-00C04F79EFBC}") = "OpenSim.Capabilities", "OpenSim\Capabilities\OpenSim.Capabilities.csproj", "{1DFBAC6A-0000-0000-0000-000000000000}"
EndProject
Project("{FAE04EC0-301F-11D3-BF4B-00C04F79EFBC}") = "OpenSim.Capabilities.Handlers", "OpenSim\Capabilities\Handlers\OpenSim.Capabilities.Handlers.csproj", "{6A5B2987-0000-0000-0000-000000000000}"
EndProject
Project("{FAE04EC0-301F-11D3-BF4B-00C04F79EFBC}") = "OpenSim.ConsoleClient", "OpenSim\ConsoleClient\OpenSim.ConsoleClient.csproj", "{A271AD12-0000-0000-0000-000000000000}"
EndProject
Project("{FAE04EC0-301F-11D3-BF4B-00C04F79EFBC}") = "OpenSim.Data", "OpenSim\Data\OpenSim.Data.csproj", "{1F9A63F0-0000-0000-0000-000000000000}"
EndProject
Project("{FAE04EC0-301F-11D3-BF4B-00C04F79EFBC}") = "OpenSim.Data.MySQL", "OpenSim\Data\MySQL\OpenSim.Data.MySQL.csproj", "{0993470E-0000-0000-0000-000000000000}"
EndProject
Project("{FAE04EC0-301F-11D3-BF4B-00C04F79EFBC}") = "OpenSim.Data.Null", "OpenSim\Data\Null\OpenSim.Data.Null.csproj", "{54F94DD8-0000-0000-0000-000000000000}"
EndProject
Project("{FAE04EC0-301F-11D3-BF4B-00C04F79EFBC}") = "OpenSim.Data.PGSQL", "OpenSim\Data\PGSQL\OpenSim.Data.PGSQL.csproj", "{8A8A6F67-0000-0000-0000-000000000000}"
EndProject
Project("{FAE04EC0-301F-11D3-BF4B-00C04F79EFBC}") = "OpenSim.Data.SQLite", "OpenSim\Data\SQLite\OpenSim.Data.SQLite.csproj", "{043A42BF-0000-0000-0000-000000000000}"
EndProject
Project("{FAE04EC0-301F-11D3-BF4B-00C04F79EFBC}") = "OpenSim.Framework", "OpenSim\Framework\OpenSim.Framework.csproj", "{CF9F123C-0000-0000-0000-000000000000}"
EndProject
Project("{FAE04EC0-301F-11D3-BF4B-00C04F79EFBC}") = "OpenSim.Framework.AssetLoader.Filesystem", "OpenSim\Framework\AssetLoader\Filesystem\OpenSim.Framework.AssetLoader.Filesystem.csproj", "{877F9C88-0000-0000-0000-000000000000}"
EndProject
Project("{FAE04EC0-301F-11D3-BF4B-00C04F79EFBC}") = "OpenSim.Framework.Console", "OpenSim\Framework\Console\OpenSim.Framework.Console.csproj", "{AF5A7BB8-0000-0000-0000-000000000000}"
EndProject
Project("{FAE04EC0-301F-11D3-BF4B-00C04F79EFBC}") = "OpenSim.Framework.Monitoring", "OpenSim\Framework\Monitoring\OpenSim.Framework.Monitoring.csproj", "{16235189-0000-0000-0000-000000000000}"
EndProject
Project("{FAE04EC0-301F-11D3-BF4B-00C04F79EFBC}") = "OpenSim.Framework.Serialization", "OpenSim\Framework\Serialization\OpenSim.Framework.Serialization.csproj", "{C1805A19-0000-0000-0000-000000000000}"
EndProject
Project("{FAE04EC0-301F-11D3-BF4B-00C04F79EFBC}") = "OpenSim.Framework.Servers", "OpenSim\Framework\Servers\OpenSim.Framework.Servers.csproj", "{ABF56739-0000-0000-0000-000000000000}"
EndProject
Project("{FAE04EC0-301F-11D3-BF4B-00C04F79EFBC}") = "OpenSim.Framework.Servers.HttpServer", "OpenSim\Framework\Servers\HttpServer\OpenSim.Framework.Servers.HttpServer.csproj", "{7970FF5F-0000-0000-0000-000000000000}"
EndProject
Project("{FAE04EC0-301F-11D3-BF4B-00C04F79EFBC}") = "OpenSim.Region.ClientStack.LindenCaps", "OpenSim\Region\ClientStack\Linden\Caps\OpenSim.Region.ClientStack.LindenCaps.csproj", "{C797799A-0000-0000-0000-000000000000}"
EndProject
Project("{FAE04EC0-301F-11D3-BF4B-00C04F79EFBC}") = "OpenSim.Region.ClientStack.LindenUDP", "OpenSim\Region\ClientStack\Linden\UDP\OpenSim.Region.ClientStack.LindenUDP.csproj", "{C0D556FD-0000-0000-0000-000000000000}"
EndProject
Project("{FAE04EC0-301F-11D3-BF4B-00C04F79EFBC}") = "OpenSim.Region.CoreModules", "OpenSim\Region\CoreModules\OpenSim.Region.CoreModules.csproj", "{D46AB53E-0000-0000-0000-000000000000}"
EndProject
Project("{FAE04EC0-301F-11D3-BF4B-00C04F79EFBC}") = "OpenSim.Region.Framework", "OpenSim\Region\Framework\OpenSim.Region.Framework.csproj", "{557C10DE-0000-0000-0000-000000000000}"
EndProject
Project("{FAE04EC0-301F-11D3-BF4B-00C04F79EFBC}") = "OpenSim.Region.OptionalModules", "OpenSim\Region\OptionalModules\OpenSim.Region.OptionalModules.csproj", "{6045939F-0000-0000-0000-000000000000}"
EndProject
Project("{FAE04EC0-301F-11D3-BF4B-00C04F79EFBC}") = "OpenSim.Region.PhysicsModule.BasicPhysics", "OpenSim\Region\PhysicsModules\BasicPhysics\OpenSim.Region.PhysicsModule.BasicPhysics.csproj", "{E6B5D64F-0000-0000-0000-000000000000}"
EndProject
Project("{FAE04EC0-301F-11D3-BF4B-00C04F79EFBC}") = "OpenSim.Region.PhysicsModule.BulletS", "OpenSim\Region\PhysicsModules\BulletS\OpenSim.Region.PhysicsModule.BulletS.csproj", "{796812F5-0000-0000-0000-000000000000}"
EndProject
Project("{FAE04EC0-301F-11D3-BF4B-00C04F79EFBC}") = "OpenSim.Region.PhysicsModule.Meshing", "OpenSim\Region\PhysicsModules\Meshing\OpenSim.Region.PhysicsModule.Meshing.csproj", "{68C5D1E9-0000-0000-0000-000000000000}"
EndProject
Project("{FAE04EC0-301F-11D3-BF4B-00C04F79EFBC}") = "OpenSim.Region.PhysicsModule.POS", "OpenSim\Region\PhysicsModules\POS\OpenSim.Region.PhysicsModule.POS.csproj", "{4E4D5D69-0000-0000-0000-000000000000}"
EndProject
Project("{FAE04EC0-301F-11D3-BF4B-00C04F79EFBC}") = "OpenSim.Region.PhysicsModule.ubOde", "OpenSim\Region\PhysicsModules\ubOde\OpenSim.Region.PhysicsModule.ubOde.csproj", "{730E8B9C-0000-0000-0000-000000000000}"
EndProject
Project("{FAE04EC0-301F-11D3-BF4B-00C04F79EFBC}") = "OpenSim.Region.PhysicsModule.ubOdeMeshing", "OpenSim\Region\PhysicsModules\ubOdeMeshing\OpenSim.Region.PhysicsModule.ubOdeMeshing.csproj", "{FA9590D5-0000-0000-0000-000000000000}"
EndProject
Project("{FAE04EC0-301F-11D3-BF4B-00C04F79EFBC}") = "OpenSim.Region.PhysicsModules.ConvexDecompositionDotNet", "OpenSim\Region\PhysicsModules\ConvexDecompositionDotNet\OpenSim.Region.PhysicsModules.ConvexDecompositionDotNet.csproj", "{3C0F7EA4-0000-0000-0000-000000000000}"
EndProject
Project("{FAE04EC0-301F-11D3-BF4B-00C04F79EFBC}") = "OpenSim.Region.PhysicsModules.SharedBase", "OpenSim\Region\PhysicsModules\SharedBase\OpenSim.Region.PhysicsModules.SharedBase.csproj", "{57450185-0000-0000-0000-000000000000}"
EndProject
Project("{FAE04EC0-301F-11D3-BF4B-00C04F79EFBC}") = "OpenSim.Region.ScriptEngine.Shared", "OpenSim\Region\ScriptEngine\Shared\OpenSim.Region.ScriptEngine.Shared.csproj", "{66E3EC41-0000-0000-0000-000000000000}"
EndProject
Project("{FAE04EC0-301F-11D3-BF4B-00C04F79EFBC}") = "OpenSim.Region.ScriptEngine.Shared.Api", "OpenSim\Region\ScriptEngine\Shared\Api\Implementation\OpenSim.Region.ScriptEngine.Shared.Api.csproj", "{21370817-0000-0000-0000-000000000000}"
EndProject
Project("{FAE04EC0-301F-11D3-BF4B-00C04F79EFBC}") = "OpenSim.Region.ScriptEngine.Shared.Api.Runtime", "OpenSim\Region\ScriptEngine\Shared\Api\Runtime\OpenSim.Region.ScriptEngine.Shared.Api.Runtime.csproj", "{FF619774-0000-0000-0000-000000000000}"
EndProject
Project("{FAE04EC0-301F-11D3-BF4B-00C04F79EFBC}") = "OpenSim.Region.ScriptEngine.YEngine", "OpenSim\Region\ScriptEngine\YEngine\OpenSim.Region.ScriptEngine.YEngine.csproj", "{CDB502CD-0000-0000-0000-000000000000}"
EndProject
Project("{FAE04EC0-301F-11D3-BF4B-00C04F79EFBC}") = "OpenSim.Server.Base", "OpenSim\Server\Base\OpenSim.Server.Base.csproj", "{D165B2D9-0000-0000-0000-000000000000}"
EndProject
Project("{FAE04EC0-301F-11D3-BF4B-00C04F79EFBC}") = "OpenSim.Server.Handlers", "OpenSim\Server\Handlers\OpenSim.Server.Handlers.csproj", "{4405217C-0000-0000-0000-000000000000}"
EndProject
Project("{FAE04EC0-301F-11D3-BF4B-00C04F79EFBC}") = "OpenSim.Services.AssetService", "OpenSim\Services\AssetService\OpenSim.Services.AssetService.csproj", "{7B34AB62-0000-0000-0000-000000000000}"
EndProject
Project("{FAE04EC0-301F-11D3-BF4B-00C04F79EFBC}") = "OpenSim.Services.AuthenticationService", "OpenSim\Services\AuthenticationService\OpenSim.Services.AuthenticationService.csproj", "{43498923-0000-0000-0000-000000000000}"
EndProject
Project("{FAE04EC0-301F-11D3-BF4B-00C04F79EFBC}") = "OpenSim.Services.AuthorizationService", "OpenSim\Services\AuthorizationService\OpenSim.Services.AuthorizationService.csproj", "{7572C2B7-0000-0000-0000-000000000000}"
EndProject
Project("{FAE04EC0-301F-11D3-BF4B-00C04F79EFBC}") = "OpenSim.Services.AvatarService", "OpenSim\Services\AvatarService\OpenSim.Services.AvatarService.csproj", "{32F8247E-0000-0000-0000-000000000000}"
EndProject
Project("{FAE04EC0-301F-11D3-BF4B-00C04F79EFBC}") = "OpenSim.Services.Base", "OpenSim\Services\Base\OpenSim.Services.Base.csproj", "{73C2ABB2-0000-0000-0000-000000000000}"
EndProject
Project("{FAE04EC0-301F-11D3-BF4B-00C04F79EFBC}") = "OpenSim.Services.Connectors", "OpenSim\Services\Connectors\OpenSim.Services.Connectors.csproj", "{B0E9CD2F-0000-0000-0000-000000000000}"
EndProject
Project("{FAE04EC0-301F-11D3-BF4B-00C04F79EFBC}") = "OpenSim.Services.EstateService", "OpenSim\Services\EstateService\OpenSim.Services.EstateService.csproj", "{25FD157F-0000-0000-0000-000000000000}"
EndProject
Project("{FAE04EC0-301F-11D3-BF4B-00C04F79EFBC}") = "OpenSim.Services.FreeswitchService", "OpenSim\Services\FreeswitchService\OpenSim.Services.FreeswitchService.csproj", "{1A3159A2-0000-0000-0000-000000000000}"
EndProject
Project("{FAE04EC0-301F-11D3-BF4B-00C04F79EFBC}") = "OpenSim.Services.FriendsService", "OpenSim\Services\Friends\OpenSim.Services.FriendsService.csproj", "{AFC1D68E-0000-0000-0000-000000000000}"
EndProject
Project("{FAE04EC0-301F-11D3-BF4B-00C04F79EFBC}") = "OpenSim.Services.FSAssetService", "OpenSim\Services\FSAssetService\OpenSim.Services.FSAssetService.csproj", "{DE605D4A-0000-0000-0000-000000000000}"
EndProject
Project("{FAE04EC0-301F-11D3-BF4B-00C04F79EFBC}") = "OpenSim.Services.GridService", "OpenSim\Services\GridService\OpenSim.Services.GridService.csproj", "{7884528D-0000-0000-0000-000000000000}"
EndProject
Project("{FAE04EC0-301F-11D3-BF4B-00C04F79EFBC}") = "OpenSim.Services.HypergridService", "OpenSim\Services\HypergridService\OpenSim.Services.HypergridService.csproj", "{00148DD6-0000-0000-0000-000000000000}"
EndProject
Project("{FAE04EC0-301F-11D3-BF4B-00C04F79EFBC}") = "OpenSim.Services.Interfaces", "OpenSim\Services\Interfaces\OpenSim.Services.Interfaces.csproj", "{30690DFA-0000-0000-0000-000000000000}"
EndProject
Project("{FAE04EC0-301F-11D3-BF4B-00C04F79EFBC}") = "OpenSim.Services.InventoryService", "OpenSim\Services\InventoryService\OpenSim.Services.InventoryService.csproj", "{F41283AB-0000-0000-0000-000000000000}"
EndProject
Project("{FAE04EC0-301F-11D3-BF4B-00C04F79EFBC}") = "OpenSim.Services.LLLoginService", "OpenSim\Services\LLLoginService\OpenSim.Services.LLLoginService.csproj", "{07EFCB0F-0000-0000-0000-000000000000}"
EndProject
Project("{FAE04EC0-301F-11D3-BF4B-00C04F79EFBC}") = "OpenSim.Services.MapImageService", "OpenSim\Services\MapImageService\OpenSim.Services.MapImageService.csproj", "{B4A73943-0000-0000-0000-000000000000}"
EndProject
Project("{FAE04EC0-301F-11D3-BF4B-00C04F79EFBC}") = "OpenSim.Services.MuteListService", "OpenSim\Services\MuteListService\OpenSim.Services.MuteListService.csproj", "{098D7B2C-0000-0000-0000-000000000000}"
EndProject
Project("{FAE04EC0-301F-11D3-BF4B-00C04F79EFBC}") = "OpenSim.Services.PresenceService", "OpenSim\Services\PresenceService\OpenSim.Services.PresenceService.csproj", "{FB3C0CA1-0000-0000-0000-000000000000}"
EndProject
Project("{FAE04EC0-301F-11D3-BF4B-00C04F79EFBC}") = "OpenSim.Services.SimulationService", "OpenSim\Services\SimulationService\OpenSim.Services.SimulationService.csproj", "{CD2F6227-0000-0000-0000-000000000000}"
EndProject
Project("{FAE04EC0-301F-11D3-BF4B-00C04F79EFBC}") = "OpenSim.Services.UserAccountService", "OpenSim\Services\UserAccountService\OpenSim.Services.UserAccountService.csproj", "{4925E4FB-0000-0000-0000-000000000000}"
EndProject
Project("{FAE04EC0-301F-11D3-BF4B-00C04F79EFBC}") = "OpenSim.Services.UserProfilesService", "OpenSim\Services\UserProfilesService\OpenSim.Services.UserProfilesService.csproj", "{38415A94-0000-0000-0000-000000000000}"
EndProject
Project("{FAE04EC0-301F-11D3-BF4B-00C04F79EFBC}") = "OpenSim.Tools.Configger", "OpenSim\Tools\Configger\OpenSim.Tools.Configger.csproj", "{B7F337B7-0000-0000-0000-000000000000}"
EndProject
Project("{FAE04EC0-301F-11D3-BF4B-00C04F79EFBC}") = "OpenSimBirds.Module", "addon-modules\OpenSimBirds\Module\OpenSimBirds.Module.csproj", "{6FBE0856-0000-0000-0000-000000000000}"
EndProject
Project("{FAE04EC0-301F-11D3-BF4B-00C04F79EFBC}") = "OpenSimSearch.Modules", "addon-modules\OpenSimSearch\Modules\OpenSimSearch.Modules.csproj", "{0BA56A9B-0000-0000-0000-000000000000}"
EndProject
Project("{FAE04EC0-301F-11D3-BF4B-00C04F79EFBC}") = "OpenSimTide.Module", "addon-modules\OpenSimTide\Module\OpenSimTide.Module.csproj", "{6479BA17-0000-0000-0000-000000000000}"
EndProject
Project("{FAE04EC0-301F-11D3-BF4B-00C04F79EFBC}") = "pCampBot", "OpenSim\Tools\pCampBot\pCampBot.csproj", "{3B8560A1-0000-0000-0000-000000000000}"
EndProject
Project("{FAE04EC0-301F-11D3-BF4B-00C04F79EFBC}") = "Robust", "OpenSim\Server\Robust.csproj", "{674465C8-0000-0000-0000-000000000000}"
EndProject
Project("{FAE04EC0-301F-11D3-BF4B-00C04F79EFBC}") = "SmartThreadPool", "ThirdParty\SmartThreadPool\SmartThreadPool.csproj", "{D7857F46-0000-0000-0000-000000000000}"
EndProject
Project("{FAE04EC0-301F-11D3-BF4B-00C04F79EFBC}") = "WhoGotWhat", "addon-modules\WhoGotWhat\WhoGotWhat.csproj", "{CB00B684-0000-0000-0000-000000000000}"
EndProject
Global
	GlobalSection(SolutionConfigurationPlatforms) = preSolution
		Debug|Any CPU = Debug|Any CPU
		Release|Any CPU = Release|Any CPU
	EndGlobalSection
	GlobalSection(ProjectConfigurationPlatforms) = postSolution
		{FEAA6C20-0000-0000-0000-000000000000}.Debug|Any CPU.ActiveCfg = Debug|Any CPU
		{FEAA6C20-0000-0000-0000-000000000000}.Debug|Any CPU.Build.0 = Debug|Any CPU
		{FEAA6C20-0000-0000-0000-000000000000}.Release|Any CPU.ActiveCfg = Release|Any CPU
		{FEAA6C20-0000-0000-0000-000000000000}.Release|Any CPU.Build.0 = Release|Any CPU
		{E5E4EF3D-0000-0000-0000-000000000000}.Debug|Any CPU.ActiveCfg = Debug|Any CPU
		{E5E4EF3D-0000-0000-0000-000000000000}.Debug|Any CPU.Build.0 = Debug|Any CPU
		{E5E4EF3D-0000-0000-0000-000000000000}.Release|Any CPU.ActiveCfg = Release|Any CPU
		{E5E4EF3D-0000-0000-0000-000000000000}.Release|Any CPU.Build.0 = Release|Any CPU
		{55F21408-0000-0000-0000-000000000000}.Debug|Any CPU.ActiveCfg = Debug|Any CPU
		{55F21408-0000-0000-0000-000000000000}.Debug|Any CPU.Build.0 = Debug|Any CPU
		{55F21408-0000-0000-0000-000000000000}.Release|Any CPU.ActiveCfg = Release|Any CPU
		{55F21408-0000-0000-0000-000000000000}.Release|Any CPU.Build.0 = Release|Any CPU
		{A4E5739D-0000-0000-0000-000000000000}.Debug|Any CPU.ActiveCfg = Debug|Any CPU
		{A4E5739D-0000-0000-0000-000000000000}.Debug|Any CPU.Build.0 = Debug|Any CPU
		{A4E5739D-0000-0000-0000-000000000000}.Release|Any CPU.ActiveCfg = Release|Any CPU
		{A4E5739D-0000-0000-0000-000000000000}.Release|Any CPU.Build.0 = Release|Any CPU
		{C4CA1612-0000-0000-0000-000000000000}.Debug|Any CPU.ActiveCfg = Debug|Any CPU
		{C4CA1612-0000-0000-0000-000000000000}.Debug|Any CPU.Build.0 = Debug|Any CPU
		{C4CA1612-0000-0000-0000-000000000000}.Release|Any CPU.ActiveCfg = Release|Any CPU
		{C4CA1612-0000-0000-0000-000000000000}.Release|Any CPU.Build.0 = Release|Any CPU
		{7A8C3500-0000-0000-0000-000000000000}.Debug|Any CPU.ActiveCfg = Debug|Any CPU
		{7A8C3500-0000-0000-0000-000000000000}.Debug|Any CPU.Build.0 = Debug|Any CPU
		{7A8C3500-0000-0000-0000-000000000000}.Release|Any CPU.ActiveCfg = Release|Any CPU
		{7A8C3500-0000-0000-0000-000000000000}.Release|Any CPU.Build.0 = Release|Any CPU
		{43E0D6F5-0000-0000-0000-000000000000}.Debug|Any CPU.ActiveCfg = Debug|Any CPU
		{43E0D6F5-0000-0000-0000-000000000000}.Debug|Any CPU.Build.0 = Debug|Any CPU
		{43E0D6F5-0000-0000-0000-000000000000}.Release|Any CPU.ActiveCfg = Release|Any CPU
		{43E0D6F5-0000-0000-0000-000000000000}.Release|Any CPU.Build.0 = Release|Any CPU
		{21B260BA-0000-0000-0000-000000000000}.Debug|Any CPU.ActiveCfg = Debug|Any CPU
		{21B260BA-0000-0000-0000-000000000000}.Debug|Any CPU.Build.0 = Debug|Any CPU
		{21B260BA-0000-0000-0000-000000000000}.Release|Any CPU.ActiveCfg = Release|Any CPU
		{21B260BA-0000-0000-0000-000000000000}.Release|Any CPU.Build.0 = Release|Any CPU
		{13A9974F-0000-0000-0000-000000000000}.Debug|Any CPU.ActiveCfg = Debug|Any CPU
		{13A9974F-0000-0000-0000-000000000000}.Debug|Any CPU.Build.0 = Debug|Any CPU
		{13A9974F-0000-0000-0000-000000000000}.Release|Any CPU.ActiveCfg = Release|Any CPU
		{13A9974F-0000-0000-0000-000000000000}.Release|Any CPU.Build.0 = Release|Any CPU
		{7E04A20E-0000-0000-0000-000000000000}.Debug|Any CPU.ActiveCfg = Debug|Any CPU
		{7E04A20E-0000-0000-0000-000000000000}.Debug|Any CPU.Build.0 = Debug|Any CPU
		{7E04A20E-0000-0000-0000-000000000000}.Release|Any CPU.ActiveCfg = Release|Any CPU
		{7E04A20E-0000-0000-0000-000000000000}.Release|Any CPU.Build.0 = Release|Any CPU
		{69EDC49B-0000-0000-0000-000000000000}.Debug|Any CPU.ActiveCfg = Debug|Any CPU
		{69EDC49B-0000-0000-0000-000000000000}.Debug|Any CPU.Build.0 = Debug|Any CPU
		{69EDC49B-0000-0000-0000-000000000000}.Release|Any CPU.ActiveCfg = Release|Any CPU
		{69EDC49B-0000-0000-0000-000000000000}.Release|Any CPU.Build.0 = Release|Any CPU
		{0D48A0C0-0000-0000-0000-000000000000}.Debug|Any CPU.ActiveCfg = Debug|Any CPU
		{0D48A0C0-0000-0000-0000-000000000000}.Debug|Any CPU.Build.0 = Debug|Any CPU
		{0D48A0C0-0000-0000-0000-000000000000}.Release|Any CPU.ActiveCfg = Release|Any CPU
		{0D48A0C0-0000-0000-0000-000000000000}.Release|Any CPU.Build.0 = Release|Any CPU
		{8531ACE8-0000-0000-0000-000000000000}.Debug|Any CPU.ActiveCfg = Debug|Any CPU
		{8531ACE8-0000-0000-0000-000000000000}.Debug|Any CPU.Build.0 = Debug|Any CPU
		{8531ACE8-0000-0000-0000-000000000000}.Release|Any CPU.ActiveCfg = Release|Any CPU
		{8531ACE8-0000-0000-0000-000000000000}.Release|Any CPU.Build.0 = Release|Any CPU
		{D2983AF0-0000-0000-0000-000000000000}.Debug|Any CPU.ActiveCfg = Debug|Any CPU
		{D2983AF0-0000-0000-0000-000000000000}.Debug|Any CPU.Build.0 = Debug|Any CPU
		{D2983AF0-0000-0000-0000-000000000000}.Release|Any CPU.ActiveCfg = Release|Any CPU
		{D2983AF0-0000-0000-0000-000000000000}.Release|Any CPU.Build.0 = Release|Any CPU
		{52678DF6-0000-0000-0000-000000000000}.Debug|Any CPU.ActiveCfg = Debug|Any CPU
		{52678DF6-0000-0000-0000-000000000000}.Debug|Any CPU.Build.0 = Debug|Any CPU
		{52678DF6-0000-0000-0000-000000000000}.Release|Any CPU.ActiveCfg = Release|Any CPU
		{52678DF6-0000-0000-0000-000000000000}.Release|Any CPU.Build.0 = Release|Any CPU
		{246FDBBD-0000-0000-0000-000000000000}.Debug|Any CPU.ActiveCfg = Debug|Any CPU
		{246FDBBD-0000-0000-0000-000000000000}.Debug|Any CPU.Build.0 = Debug|Any CPU
		{246FDBBD-0000-0000-0000-000000000000}.Release|Any CPU.ActiveCfg = Release|Any CPU
		{246FDBBD-0000-0000-0000-000000000000}.Release|Any CPU.Build.0 = Release|Any CPU
		{7E0F7F68-0000-0000-0000-000000000000}.Debug|Any CPU.ActiveCfg = Debug|Any CPU
		{7E0F7F68-0000-0000-0000-000000000000}.Debug|Any CPU.Build.0 = Debug|Any CPU
		{7E0F7F68-0000-0000-0000-000000000000}.Release|Any CPU.ActiveCfg = Release|Any CPU
		{7E0F7F68-0000-0000-0000-000000000000}.Release|Any CPU.Build.0 = Release|Any CPU
		{E3ACCEFC-0000-0000-0000-000000000000}.Debug|Any CPU.ActiveCfg = Debug|Any CPU
		{E3ACCEFC-0000-0000-0000-000000000000}.Debug|Any CPU.Build.0 = Debug|Any CPU
		{E3ACCEFC-0000-0000-0000-000000000000}.Release|Any CPU.ActiveCfg = Release|Any CPU
		{E3ACCEFC-0000-0000-0000-000000000000}.Release|Any CPU.Build.0 = Release|Any CPU
		{1DFBAC6A-0000-0000-0000-000000000000}.Debug|Any CPU.ActiveCfg = Debug|Any CPU
		{1DFBAC6A-0000-0000-0000-000000000000}.Debug|Any CPU.Build.0 = Debug|Any CPU
		{1DFBAC6A-0000-0000-0000-000000000000}.Release|Any CPU.ActiveCfg = Release|Any CPU
		{1DFBAC6A-0000-0000-0000-000000000000}.Release|Any CPU.Build.0 = Release|Any CPU
		{6A5B2987-0000-0000-0000-000000000000}.Debug|Any CPU.ActiveCfg = Debug|Any CPU
		{6A5B2987-0000-0000-0000-000000000000}.Debug|Any CPU.Build.0 = Debug|Any CPU
		{6A5B2987-0000-0000-0000-000000000000}.Release|Any CPU.ActiveCfg = Release|Any CPU
		{6A5B2987-0000-0000-0000-000000000000}.Release|Any CPU.Build.0 = Release|Any CPU
		{A271AD12-0000-0000-0000-000000000000}.Debug|Any CPU.ActiveCfg = Debug|Any CPU
		{A271AD12-0000-0000-0000-000000000000}.Debug|Any CPU.Build.0 = Debug|Any CPU
		{A271AD12-0000-0000-0000-000000000000}.Release|Any CPU.ActiveCfg = Release|Any CPU
		{A271AD12-0000-0000-0000-000000000000}.Release|Any CPU.Build.0 = Release|Any CPU
		{1F9A63F0-0000-0000-0000-000000000000}.Debug|Any CPU.ActiveCfg = Debug|Any CPU
		{1F9A63F0-0000-0000-0000-000000000000}.Debug|Any CPU.Build.0 = Debug|Any CPU
		{1F9A63F0-0000-0000-0000-000000000000}.Release|Any CPU.ActiveCfg = Release|Any CPU
		{1F9A63F0-0000-0000-0000-000000000000}.Release|Any CPU.Build.0 = Release|Any CPU
		{0993470E-0000-0000-0000-000000000000}.Debug|Any CPU.ActiveCfg = Debug|Any CPU
		{0993470E-0000-0000-0000-000000000000}.Debug|Any CPU.Build.0 = Debug|Any CPU
		{0993470E-0000-0000-0000-000000000000}.Release|Any CPU.ActiveCfg = Release|Any CPU
		{0993470E-0000-0000-0000-000000000000}.Release|Any CPU.Build.0 = Release|Any CPU
		{54F94DD8-0000-0000-0000-000000000000}.Debug|Any CPU.ActiveCfg = Debug|Any CPU
		{54F94DD8-0000-0000-0000-000000000000}.Debug|Any CPU.Build.0 = Debug|Any CPU
		{54F94DD8-0000-0000-0000-000000000000}.Release|Any CPU.ActiveCfg = Release|Any CPU
		{54F94DD8-0000-0000-0000-000000000000}.Release|Any CPU.Build.0 = Release|Any CPU
		{8A8A6F67-0000-0000-0000-000000000000}.Debug|Any CPU.ActiveCfg = Debug|Any CPU
		{8A8A6F67-0000-0000-0000-000000000000}.Debug|Any CPU.Build.0 = Debug|Any CPU
		{8A8A6F67-0000-0000-0000-000000000000}.Release|Any CPU.ActiveCfg = Release|Any CPU
		{8A8A6F67-0000-0000-0000-000000000000}.Release|Any CPU.Build.0 = Release|Any CPU
		{043A42BF-0000-0000-0000-000000000000}.Debug|Any CPU.ActiveCfg = Debug|Any CPU
		{043A42BF-0000-0000-0000-000000000000}.Debug|Any CPU.Build.0 = Debug|Any CPU
		{043A42BF-0000-0000-0000-000000000000}.Release|Any CPU.ActiveCfg = Release|Any CPU
		{043A42BF-0000-0000-0000-000000000000}.Release|Any CPU.Build.0 = Release|Any CPU
		{CF9F123C-0000-0000-0000-000000000000}.Debug|Any CPU.ActiveCfg = Debug|Any CPU
		{CF9F123C-0000-0000-0000-000000000000}.Debug|Any CPU.Build.0 = Debug|Any CPU
		{CF9F123C-0000-0000-0000-000000000000}.Release|Any CPU.ActiveCfg = Release|Any CPU
		{CF9F123C-0000-0000-0000-000000000000}.Release|Any CPU.Build.0 = Release|Any CPU
		{877F9C88-0000-0000-0000-000000000000}.Debug|Any CPU.ActiveCfg = Debug|Any CPU
		{877F9C88-0000-0000-0000-000000000000}.Debug|Any CPU.Build.0 = Debug|Any CPU
		{877F9C88-0000-0000-0000-000000000000}.Release|Any CPU.ActiveCfg = Release|Any CPU
		{877F9C88-0000-0000-0000-000000000000}.Release|Any CPU.Build.0 = Release|Any CPU
		{AF5A7BB8-0000-0000-0000-000000000000}.Debug|Any CPU.ActiveCfg = Debug|Any CPU
		{AF5A7BB8-0000-0000-0000-000000000000}.Debug|Any CPU.Build.0 = Debug|Any CPU
		{AF5A7BB8-0000-0000-0000-000000000000}.Release|Any CPU.ActiveCfg = Release|Any CPU
		{AF5A7BB8-0000-0000-0000-000000000000}.Release|Any CPU.Build.0 = Release|Any CPU
		{16235189-0000-0000-0000-000000000000}.Debug|Any CPU.ActiveCfg = Debug|Any CPU
		{16235189-0000-0000-0000-000000000000}.Debug|Any CPU.Build.0 = Debug|Any CPU
		{16235189-0000-0000-0000-000000000000}.Release|Any CPU.ActiveCfg = Release|Any CPU
		{16235189-0000-0000-0000-000000000000}.Release|Any CPU.Build.0 = Release|Any CPU
		{C1805A19-0000-0000-0000-000000000000}.Debug|Any CPU.ActiveCfg = Debug|Any CPU
		{C1805A19-0000-0000-0000-000000000000}.Debug|Any CPU.Build.0 = Debug|Any CPU
		{C1805A19-0000-0000-0000-000000000000}.Release|Any CPU.ActiveCfg = Release|Any CPU
		{C1805A19-0000-0000-0000-000000000000}.Release|Any CPU.Build.0 = Release|Any CPU
		{ABF56739-0000-0000-0000-000000000000}.Debug|Any CPU.ActiveCfg = Debug|Any CPU
		{ABF56739-0000-0000-0000-000000000000}.Debug|Any CPU.Build.0 = Debug|Any CPU
		{ABF56739-0000-0000-0000-000000000000}.Release|Any CPU.ActiveCfg = Release|Any CPU
		{ABF56739-0000-0000-0000-000000000000}.Release|Any CPU.Build.0 = Release|Any CPU
		{7970FF5F-0000-0000-0000-000000000000}.Debug|Any CPU.ActiveCfg = Debug|Any CPU
		{7970FF5F-0000-0000-0000-000000000000}.Debug|Any CPU.Build.0 = Debug|Any CPU
		{7970FF5F-0000-0000-0000-000000000000}.Release|Any CPU.ActiveCfg = Release|Any CPU
		{7970FF5F-0000-0000-0000-000000000000}.Release|Any CPU.Build.0 = Release|Any CPU
		{C797799A-0000-0000-0000-000000000000}.Debug|Any CPU.ActiveCfg = Debug|Any CPU
		{C797799A-0000-0000-0000-000000000000}.Debug|Any CPU.Build.0 = Debug|Any CPU
		{C797799A-0000-0000-0000-000000000000}.Release|Any CPU.ActiveCfg = Release|Any CPU
		{C797799A-0000-0000-0000-000000000000}.Release|Any CPU.Build.0 = Release|Any CPU
		{C0D556FD-0000-0000-0000-000000000000}.Debug|Any CPU.ActiveCfg = Debug|Any CPU
		{C0D556FD-0000-0000-0000-000000000000}.Debug|Any CPU.Build.0 = Debug|Any CPU
		{C0D556FD-0000-0000-0000-000000000000}.Release|Any CPU.ActiveCfg = Release|Any CPU
		{C0D556FD-0000-0000-0000-000000000000}.Release|Any CPU.Build.0 = Release|Any CPU
		{D46AB53E-0000-0000-0000-000000000000}.Debug|Any CPU.ActiveCfg = Debug|Any CPU
		{D46AB53E-0000-0000-0000-000000000000}.Debug|Any CPU.Build.0 = Debug|Any CPU
		{D46AB53E-0000-0000-0000-000000000000}.Release|Any CPU.ActiveCfg = Release|Any CPU
		{D46AB53E-0000-0000-0000-000000000000}.Release|Any CPU.Build.0 = Release|Any CPU
		{557C10DE-0000-0000-0000-000000000000}.Debug|Any CPU.ActiveCfg = Debug|Any CPU
		{557C10DE-0000-0000-0000-000000000000}.Debug|Any CPU.Build.0 = Debug|Any CPU
		{557C10DE-0000-0000-0000-000000000000}.Release|Any CPU.ActiveCfg = Release|Any CPU
		{557C10DE-0000-0000-0000-000000000000}.Release|Any CPU.Build.0 = Release|Any CPU
		{6045939F-0000-0000-0000-000000000000}.Debug|Any CPU.ActiveCfg = Debug|Any CPU
		{6045939F-0000-0000-0000-000000000000}.Debug|Any CPU.Build.0 = Debug|Any CPU
		{6045939F-0000-0000-0000-000000000000}.Release|Any CPU.ActiveCfg = Release|Any CPU
		{6045939F-0000-0000-0000-000000000000}.Release|Any CPU.Build.0 = Release|Any CPU
		{E6B5D64F-0000-0000-0000-000000000000}.Debug|Any CPU.ActiveCfg = Debug|Any CPU
		{E6B5D64F-0000-0000-0000-000000000000}.Debug|Any CPU.Build.0 = Debug|Any CPU
		{E6B5D64F-0000-0000-0000-000000000000}.Release|Any CPU.ActiveCfg = Release|Any CPU
		{E6B5D64F-0000-0000-0000-000000000000}.Release|Any CPU.Build.0 = Release|Any CPU
		{796812F5-0000-0000-0000-000000000000}.Debug|Any CPU.ActiveCfg = Debug|Any CPU
		{796812F5-0000-0000-0000-000000000000}.Debug|Any CPU.Build.0 = Debug|Any CPU
		{796812F5-0000-0000-0000-000000000000}.Release|Any CPU.ActiveCfg = Release|Any CPU
		{796812F5-0000-0000-0000-000000000000}.Release|Any CPU.Build.0 = Release|Any CPU
		{68C5D1E9-0000-0000-0000-000000000000}.Debug|Any CPU.ActiveCfg = Debug|Any CPU
		{68C5D1E9-0000-0000-0000-000000000000}.Debug|Any CPU.Build.0 = Debug|Any CPU
		{68C5D1E9-0000-0000-0000-000000000000}.Release|Any CPU.ActiveCfg = Release|Any CPU
		{68C5D1E9-0000-0000-0000-000000000000}.Release|Any CPU.Build.0 = Release|Any CPU
		{4E4D5D69-0000-0000-0000-000000000000}.Debug|Any CPU.ActiveCfg = Debug|Any CPU
		{4E4D5D69-0000-0000-0000-000000000000}.Debug|Any CPU.Build.0 = Debug|Any CPU
		{4E4D5D69-0000-0000-0000-000000000000}.Release|Any CPU.ActiveCfg = Release|Any CPU
		{4E4D5D69-0000-0000-0000-000000000000}.Release|Any CPU.Build.0 = Release|Any CPU
		{730E8B9C-0000-0000-0000-000000000000}.Debug|Any CPU.ActiveCfg = Debug|Any CPU
		{730E8B9C-0000-0000-0000-000000000000}.Debug|Any CPU.Build.0 = Debug|Any CPU
		{730E8B9C-0000-0000-0000-000000000000}.Release|Any CPU.ActiveCfg = Release|Any CPU
		{730E8B9C-0000-0000-0000-000000000000}.Release|Any CPU.Build.0 = Release|Any CPU
		{FA9590D5-0000-0000-0000-000000000000}.Debug|Any CPU.ActiveCfg = Debug|Any CPU
		{FA9590D5-0000-0000-0000-000000000000}.Debug|Any CPU.Build.0 = Debug|Any CPU
		{FA9590D5-0000-0000-0000-000000000000}.Release|Any CPU.ActiveCfg = Release|Any CPU
		{FA9590D5-0000-0000-0000-000000000000}.Release|Any CPU.Build.0 = Release|Any CPU
		{3C0F7EA4-0000-0000-0000-000000000000}.Debug|Any CPU.ActiveCfg = Debug|Any CPU
		{3C0F7EA4-0000-0000-0000-000000000000}.Debug|Any CPU.Build.0 = Debug|Any CPU
		{3C0F7EA4-0000-0000-0000-000000000000}.Release|Any CPU.ActiveCfg = Release|Any CPU
		{3C0F7EA4-0000-0000-0000-000000000000}.Release|Any CPU.Build.0 = Release|Any CPU
		{57450185-0000-0000-0000-000000000000}.Debug|Any CPU.ActiveCfg = Debug|Any CPU
		{57450185-0000-0000-0000-000000000000}.Debug|Any CPU.Build.0 = Debug|Any CPU
		{57450185-0000-0000-0000-000000000000}.Release|Any CPU.ActiveCfg = Release|Any CPU
		{57450185-0000-0000-0000-000000000000}.Release|Any CPU.Build.0 = Release|Any CPU
		{66E3EC41-0000-0000-0000-000000000000}.Debug|Any CPU.ActiveCfg = Debug|Any CPU
		{66E3EC41-0000-0000-0000-000000000000}.Debug|Any CPU.Build.0 = Debug|Any CPU
		{66E3EC41-0000-0000-0000-000000000000}.Release|Any CPU.ActiveCfg = Release|Any CPU
		{66E3EC41-0000-0000-0000-000000000000}.Release|Any CPU.Build.0 = Release|Any CPU
		{21370817-0000-0000-0000-000000000000}.Debug|Any CPU.ActiveCfg = Debug|Any CPU
		{21370817-0000-0000-0000-000000000000}.Debug|Any CPU.Build.0 = Debug|Any CPU
		{21370817-0000-0000-0000-000000000000}.Release|Any CPU.ActiveCfg = Release|Any CPU
		{21370817-0000-0000-0000-000000000000}.Release|Any CPU.Build.0 = Release|Any CPU
		{FF619774-0000-0000-0000-000000000000}.Debug|Any CPU.ActiveCfg = Debug|Any CPU
		{FF619774-0000-0000-0000-000000000000}.Debug|Any CPU.Build.0 = Debug|Any CPU
		{FF619774-0000-0000-0000-000000000000}.Release|Any CPU.ActiveCfg = Release|Any CPU
		{FF619774-0000-0000-0000-000000000000}.Release|Any CPU.Build.0 = Release|Any CPU
		{CDB502CD-0000-0000-0000-000000000000}.Debug|Any CPU.ActiveCfg = Debug|Any CPU
		{CDB502CD-0000-0000-0000-000000000000}.Debug|Any CPU.Build.0 = Debug|Any CPU
		{CDB502CD-0000-0000-0000-000000000000}.Release|Any CPU.ActiveCfg = Release|Any CPU
		{CDB502CD-0000-0000-0000-000000000000}.Release|Any CPU.Build.0 = Release|Any CPU
		{D165B2D9-0000-0000-0000-000000000000}.Debug|Any CPU.ActiveCfg = Debug|Any CPU
		{D165B2D9-0000-0000-0000-000000000000}.Debug|Any CPU.Build.0 = Debug|Any CPU
		{D165B2D9-0000-0000-0000-000000000000}.Release|Any CPU.ActiveCfg = Release|Any CPU
		{D165B2D9-0000-0000-0000-000000000000}.Release|Any CPU.Build.0 = Release|Any CPU
		{4405217C-0000-0000-0000-000000000000}.Debug|Any CPU.ActiveCfg = Debug|Any CPU
		{4405217C-0000-0000-0000-000000000000}.Debug|Any CPU.Build.0 = Debug|Any CPU
		{4405217C-0000-0000-0000-000000000000}.Release|Any CPU.ActiveCfg = Release|Any CPU
		{4405217C-0000-0000-0000-000000000000}.Release|Any CPU.Build.0 = Release|Any CPU
		{7B34AB62-0000-0000-0000-000000000000}.Debug|Any CPU.ActiveCfg = Debug|Any CPU
		{7B34AB62-0000-0000-0000-000000000000}.Debug|Any CPU.Build.0 = Debug|Any CPU
		{7B34AB62-0000-0000-0000-000000000000}.Release|Any CPU.ActiveCfg = Release|Any CPU
		{7B34AB62-0000-0000-0000-000000000000}.Release|Any CPU.Build.0 = Release|Any CPU
		{43498923-0000-0000-0000-000000000000}.Debug|Any CPU.ActiveCfg = Debug|Any CPU
		{43498923-0000-0000-0000-000000000000}.Debug|Any CPU.Build.0 = Debug|Any CPU
		{43498923-0000-0000-0000-000000000000}.Release|Any CPU.ActiveCfg = Release|Any CPU
		{43498923-0000-0000-0000-000000000000}.Release|Any CPU.Build.0 = Release|Any CPU
		{7572C2B7-0000-0000-0000-000000000000}.Debug|Any CPU.ActiveCfg = Debug|Any CPU
		{7572C2B7-0000-0000-0000-000000000000}.Debug|Any CPU.Build.0 = Debug|Any CPU
		{7572C2B7-0000-0000-0000-000000000000}.Release|Any CPU.ActiveCfg = Release|Any CPU
		{7572C2B7-0000-0000-0000-000000000000}.Release|Any CPU.Build.0 = Release|Any CPU
		{32F8247E-0000-0000-0000-000000000000}.Debug|Any CPU.ActiveCfg = Debug|Any CPU
		{32F8247E-0000-0000-0000-000000000000}.Debug|Any CPU.Build.0 = Debug|Any CPU
		{32F8247E-0000-0000-0000-000000000000}.Release|Any CPU.ActiveCfg = Release|Any CPU
		{32F8247E-0000-0000-0000-000000000000}.Release|Any CPU.Build.0 = Release|Any CPU
		{73C2ABB2-0000-0000-0000-000000000000}.Debug|Any CPU.ActiveCfg = Debug|Any CPU
		{73C2ABB2-0000-0000-0000-000000000000}.Debug|Any CPU.Build.0 = Debug|Any CPU
		{73C2ABB2-0000-0000-0000-000000000000}.Release|Any CPU.ActiveCfg = Release|Any CPU
		{73C2ABB2-0000-0000-0000-000000000000}.Release|Any CPU.Build.0 = Release|Any CPU
		{B0E9CD2F-0000-0000-0000-000000000000}.Debug|Any CPU.ActiveCfg = Debug|Any CPU
		{B0E9CD2F-0000-0000-0000-000000000000}.Debug|Any CPU.Build.0 = Debug|Any CPU
		{B0E9CD2F-0000-0000-0000-000000000000}.Release|Any CPU.ActiveCfg = Release|Any CPU
		{B0E9CD2F-0000-0000-0000-000000000000}.Release|Any CPU.Build.0 = Release|Any CPU
		{25FD157F-0000-0000-0000-000000000000}.Debug|Any CPU.ActiveCfg = Debug|Any CPU
		{25FD157F-0000-0000-0000-000000000000}.Debug|Any CPU.Build.0 = Debug|Any CPU
		{25FD157F-0000-0000-0000-000000000000}.Release|Any CPU.ActiveCfg = Release|Any CPU
		{25FD157F-0000-0000-0000-000000000000}.Release|Any CPU.Build.0 = Release|Any CPU
		{1A3159A2-0000-0000-0000-000000000000}.Debug|Any CPU.ActiveCfg = Debug|Any CPU
		{1A3159A2-0000-0000-0000-000000000000}.Debug|Any CPU.Build.0 = Debug|Any CPU
		{1A3159A2-0000-0000-0000-000000000000}.Release|Any CPU.ActiveCfg = Release|Any CPU
		{1A3159A2-0000-0000-0000-000000000000}.Release|Any CPU.Build.0 = Release|Any CPU
		{AFC1D68E-0000-0000-0000-000000000000}.Debug|Any CPU.ActiveCfg = Debug|Any CPU
		{AFC1D68E-0000-0000-0000-000000000000}.Debug|Any CPU.Build.0 = Debug|Any CPU
		{AFC1D68E-0000-0000-0000-000000000000}.Release|Any CPU.ActiveCfg = Release|Any CPU
		{AFC1D68E-0000-0000-0000-000000000000}.Release|Any CPU.Build.0 = Release|Any CPU
		{DE605D4A-0000-0000-0000-000000000000}.Debug|Any CPU.ActiveCfg = Debug|Any CPU
		{DE605D4A-0000-0000-0000-000000000000}.Debug|Any CPU.Build.0 = Debug|Any CPU
		{DE605D4A-0000-0000-0000-000000000000}.Release|Any CPU.ActiveCfg = Release|Any CPU
		{DE605D4A-0000-0000-0000-000000000000}.Release|Any CPU.Build.0 = Release|Any CPU
		{7884528D-0000-0000-0000-000000000000}.Debug|Any CPU.ActiveCfg = Debug|Any CPU
		{7884528D-0000-0000-0000-000000000000}.Debug|Any CPU.Build.0 = Debug|Any CPU
		{7884528D-0000-0000-0000-000000000000}.Release|Any CPU.ActiveCfg = Release|Any CPU
		{7884528D-0000-0000-0000-000000000000}.Release|Any CPU.Build.0 = Release|Any CPU
		{00148DD6-0000-0000-0000-000000000000}.Debug|Any CPU.ActiveCfg = Debug|Any CPU
		{00148DD6-0000-0000-0000-000000000000}.Debug|Any CPU.Build.0 = Debug|Any CPU
		{00148DD6-0000-0000-0000-000000000000}.Release|Any CPU.ActiveCfg = Release|Any CPU
		{00148DD6-0000-0000-0000-000000000000}.Release|Any CPU.Build.0 = Release|Any CPU
		{30690DFA-0000-0000-0000-000000000000}.Debug|Any CPU.ActiveCfg = Debug|Any CPU
		{30690DFA-0000-0000-0000-000000000000}.Debug|Any CPU.Build.0 = Debug|Any CPU
		{30690DFA-0000-0000-0000-000000000000}.Release|Any CPU.ActiveCfg = Release|Any CPU
		{30690DFA-0000-0000-0000-000000000000}.Release|Any CPU.Build.0 = Release|Any CPU
		{F41283AB-0000-0000-0000-000000000000}.Debug|Any CPU.ActiveCfg = Debug|Any CPU
		{F41283AB-0000-0000-0000-000000000000}.Debug|Any CPU.Build.0 = Debug|Any CPU
		{F41283AB-0000-0000-0000-000000000000}.Release|Any CPU.ActiveCfg = Release|Any CPU
		{F41283AB-0000-0000-0000-000000000000}.Release|Any CPU.Build.0 = Release|Any CPU
		{07EFCB0F-0000-0000-0000-000000000000}.Debug|Any CPU.ActiveCfg = Debug|Any CPU
		{07EFCB0F-0000-0000-0000-000000000000}.Debug|Any CPU.Build.0 = Debug|Any CPU
		{07EFCB0F-0000-0000-0000-000000000000}.Release|Any CPU.ActiveCfg = Release|Any CPU
		{07EFCB0F-0000-0000-0000-000000000000}.Release|Any CPU.Build.0 = Release|Any CPU
		{B4A73943-0000-0000-0000-000000000000}.Debug|Any CPU.ActiveCfg = Debug|Any CPU
		{B4A73943-0000-0000-0000-000000000000}.Debug|Any CPU.Build.0 = Debug|Any CPU
		{B4A73943-0000-0000-0000-000000000000}.Release|Any CPU.ActiveCfg = Release|Any CPU
		{B4A73943-0000-0000-0000-000000000000}.Release|Any CPU.Build.0 = Release|Any CPU
		{098D7B2C-0000-0000-0000-000000000000}.Debug|Any CPU.ActiveCfg = Debug|Any CPU
		{098D7B2C-0000-0000-0000-000000000000}.Debug|Any CPU.Build.0 = Debug|Any CPU
		{098D7B2C-0000-0000-0000-000000000000}.Release|Any CPU.ActiveCfg = Release|Any CPU
		{098D7B2C-0000-0000-0000-000000000000}.Release|Any CPU.Build.0 = Release|Any CPU
		{FB3C0CA1-0000-0000-0000-000000000000}.Debug|Any CPU.ActiveCfg = Debug|Any CPU
		{FB3C0CA1-0000-0000-0000-000000000000}.Debug|Any CPU.Build.0 = Debug|Any CPU
		{FB3C0CA1-0000-0000-0000-000000000000}.Release|Any CPU.ActiveCfg = Release|Any CPU
		{FB3C0CA1-0000-0000-0000-000000000000}.Release|Any CPU.Build.0 = Release|Any CPU
		{CD2F6227-0000-0000-0000-000000000000}.Debug|Any CPU.ActiveCfg = Debug|Any CPU
		{CD2F6227-0000-0000-0000-000000000000}.Debug|Any CPU.Build.0 = Debug|Any CPU
		{CD2F6227-0000-0000-0000-000000000000}.Release|Any CPU.ActiveCfg = Release|Any CPU
		{CD2F6227-0000-0000-0000-000000000000}.Release|Any CPU.Build.0 = Release|Any CPU
		{4925E4FB-0000-0000-0000-000000000000}.Debug|Any CPU.ActiveCfg = Debug|Any CPU
		{4925E4FB-0000-0000-0000-000000000000}.Debug|Any CPU.Build.0 = Debug|Any CPU
		{4925E4FB-0000-0000-0000-000000000000}.Release|Any CPU.ActiveCfg = Release|Any CPU
		{4925E4FB-0000-0000-0000-000000000000}.Release|Any CPU.Build.0 = Release|Any CPU
		{38415A94-0000-0000-0000-000000000000}.Debug|Any CPU.ActiveCfg = Debug|Any CPU
		{38415A94-0000-0000-0000-000000000000}.Debug|Any CPU.Build.0 = Debug|Any CPU
		{38415A94-0000-0000-0000-000000000000}.Release|Any CPU.ActiveCfg = Release|Any CPU
		{38415A94-0000-0000-0000-000000000000}.Release|Any CPU.Build.0 = Release|Any CPU
		{B7F337B7-0000-0000-0000-000000000000}.Debug|Any CPU.ActiveCfg = Debug|Any CPU
		{B7F337B7-0000-0000-0000-000000000000}.Debug|Any CPU.Build.0 = Debug|Any CPU
		{B7F337B7-0000-0000-0000-000000000000}.Release|Any CPU.ActiveCfg = Release|Any CPU
		{B7F337B7-0000-0000-0000-000000000000}.Release|Any CPU.Build.0 = Release|Any CPU
		{6FBE0856-0000-0000-0000-000000000000}.Debug|Any CPU.ActiveCfg = Debug|Any CPU
		{6FBE0856-0000-0000-0000-000000000000}.Debug|Any CPU.Build.0 = Debug|Any CPU
		{6FBE0856-0000-0000-0000-000000000000}.Release|Any CPU.ActiveCfg = Release|Any CPU
		{6FBE0856-0000-0000-0000-000000000000}.Release|Any CPU.Build.0 = Release|Any CPU
		{0BA56A9B-0000-0000-0000-000000000000}.Debug|Any CPU.ActiveCfg = Debug|Any CPU
		{0BA56A9B-0000-0000-0000-000000000000}.Debug|Any CPU.Build.0 = Debug|Any CPU
		{0BA56A9B-0000-0000-0000-000000000000}.Release|Any CPU.ActiveCfg = Release|Any CPU
		{0BA56A9B-0000-0000-0000-000000000000}.Release|Any CPU.Build.0 = Release|Any CPU
		{6479BA17-0000-0000-0000-000000000000}.Debug|Any CPU.ActiveCfg = Debug|Any CPU
		{6479BA17-0000-0000-0000-000000000000}.Debug|Any CPU.Build.0 = Debug|Any CPU
		{6479BA17-0000-0000-0000-000000000000}.Release|Any CPU.ActiveCfg = Release|Any CPU
		{6479BA17-0000-0000-0000-000000000000}.Release|Any CPU.Build.0 = Release|Any CPU
		{3B8560A1-0000-0000-0000-000000000000}.Debug|Any CPU.ActiveCfg = Debug|Any CPU
		{3B8560A1-0000-0000-0000-000000000000}.Debug|Any CPU.Build.0 = Debug|Any CPU
		{3B8560A1-0000-0000-0000-000000000000}.Release|Any CPU.ActiveCfg = Release|Any CPU
		{3B8560A1-0000-0000-0000-000000000000}.Release|Any CPU.Build.0 = Release|Any CPU
		{674465C8-0000-0000-0000-000000000000}.Debug|Any CPU.ActiveCfg = Debug|Any CPU
		{674465C8-0000-0000-0000-000000000000}.Debug|Any CPU.Build.0 = Debug|Any CPU
		{674465C8-0000-0000-0000-000000000000}.Release|Any CPU.ActiveCfg = Release|Any CPU
		{674465C8-0000-0000-0000-000000000000}.Release|Any CPU.Build.0 = Release|Any CPU
		{D7857F46-0000-0000-0000-000000000000}.Debug|Any CPU.ActiveCfg = Debug|Any CPU
		{D7857F46-0000-0000-0000-000000000000}.Debug|Any CPU.Build.0 = Debug|Any CPU
		{D7857F46-0000-0000-0000-000000000000}.Release|Any CPU.ActiveCfg = Release|Any CPU
		{D7857F46-0000-0000-0000-000000000000}.Release|Any CPU.Build.0 = Release|Any CPU
		{CB00B684-0000-0000-0000-000000000000}.Debug|Any CPU.ActiveCfg = Debug|Any CPU
		{CB00B684-0000-0000-0000-000000000000}.Debug|Any CPU.Build.0 = Debug|Any CPU
		{CB00B684-0000-0000-0000-000000000000}.Release|Any CPU.ActiveCfg = Release|Any CPU
		{CB00B684-0000-0000-0000-000000000000}.Release|Any CPU.Build.0 = Release|Any CPU
	EndGlobalSection
EndGlobal
