Microsoft Visual Studio Solution File, Format Version 12.00
# Visual Studio 22
Project("{FAE04EC0-301F-11D3-BF4B-00C04F79EFBC}") = "Diva.AddinExample", "addon-modules\02AddinExample\Diva.AddinExample.csproj", "{E1386667-0000-0000-0000-000000000000}"
EndProject
Project("{FAE04EC0-301F-11D3-BF4B-00C04F79EFBC}") = "Diva.Data", "addon-modules\00Data\Diva.Data.csproj", "{E6083DFE-0000-0000-0000-000000000000}"
EndProject
Project("{FAE04EC0-301F-11D3-BF4B-00C04F79EFBC}") = "Diva.Data.MySQL", "addon-modules\00Data\MySQL\Diva.Data.MySQL.csproj", "{5319E13D-0000-0000-0000-000000000000}"
EndProject
Project("{FAE04EC0-301F-11D3-BF4B-00C04F79EFBC}") = "Diva.Data.SQLite", "addon-modules\00Data\SQLite\Diva.Data.SQLite.csproj", "{8CBB4B56-0000-0000-0000-000000000000}"
EndProject
Project("{FAE04EC0-301F-11D3-BF4B-00C04F79EFBC}") = "Diva.Interfaces", "addon-modules\00DivaInterfaces\Diva.Interfaces.csproj", "{8290C25D-0000-0000-0000-000000000000}"
EndProject
Project("{FAE04EC0-301F-11D3-BF4B-00C04F79EFBC}") = "Diva.OpenSimServices", "addon-modules\1DivaOpenSimServices\Diva.OpenSimServices.csproj", "{FC67738E-0000-0000-0000-000000000000}"
EndProject
Project("{FAE04EC0-301F-11D3-BF4B-00C04F79EFBC}") = "Diva.Utils", "addon-modules\01DivaUtils\Diva.Utils.csproj", "{DC59DFB0-0000-0000-0000-000000000000}"
EndProject
Project("{FAE04EC0-301F-11D3-BF4B-00C04F79EFBC}") = "Diva.Wifi", "addon-modules\21Wifi\Diva.Wifi.csproj", "{7D612640-0000-0000-0000-000000000000}"
EndProject
Project("{FAE04EC0-301F-11D3-BF4B-00C04F79EFBC}") = "Diva.Wifi.ProcessorTest", "addon-modules\ProcessorTest\Diva.Wifi.ProcessorTest.csproj", "{0B564798-0000-0000-0000-000000000000}"
EndProject
Project("{FAE04EC0-301F-11D3-BF4B-00C04F79EFBC}") = "Diva.Wifi.ScriptEngine", "addon-modules\20WifiScriptEngine\Diva.Wifi.ScriptEngine.csproj", "{6A7AA889-0000-0000-0000-000000000000}"
EndProject
Project("{FAE04EC0-301F-11D3-BF4B-00C04F79EFBC}") = "Gloebit", "addon-modules\Gloebit\GloebitMoneyModule\Gloebit.csproj", "{DB134E73-0000-0000-0000-000000000000}"
EndProject
Project("{FAE04EC0-301F-11D3-BF4B-00C04F79EFBC}") = "jOpenSimSearch.Modules", "addon-modules\jOpenSimSearch\Modules\jOpenSimSearch.Modules.csproj", "{32E632E5-0000-0000-0000-000000000000}"
EndProject
Project("{FAE04EC0-301F-11D3-BF4B-00C04F79EFBC}") = "OpenSim", "OpenSim\Region\Application\OpenSim.csproj", "{3EAD90BE-0000-0000-0000-000000000000}"
EndProject
Project("{FAE04EC0-301F-11D3-BF4B-00C04F79EFBC}") = "OpenSim.Addons.Groups", "OpenSim\Addons\Groups\OpenSim.Addons.Groups.csproj", "{C52A64DE-0000-0000-0000-000000000000}"
EndProject
Project("{FAE04EC0-301F-11D3-BF4B-00C04F79EFBC}") = "OpenSim.Addons.OfflineIM", "OpenSim\Addons\OfflineIM\OpenSim.Addons.OfflineIM.csproj", "{90482DB3-0000-0000-0000-000000000000}"
EndProject
Project("{FAE04EC0-301F-11D3-BF4B-00C04F79EFBC}") = "OpenSim.ApplicationPlugins.LoadRegions", "OpenSim\ApplicationPlugins\LoadRegions\OpenSim.ApplicationPlugins.LoadRegions.csproj", "{1CA6E16A-0000-0000-0000-000000000000}"
EndProject
Project("{FAE04EC0-301F-11D3-BF4B-00C04F79EFBC}") = "OpenSim.ApplicationPlugins.RegionModulesController", "OpenSim\ApplicationPlugins\RegionModulesController\OpenSim.ApplicationPlugins.RegionModulesController.csproj", "{F9D7C0B5-0000-0000-0000-000000000000}"
EndProject
Project("{FAE04EC0-301F-11D3-BF4B-00C04F79EFBC}") = "OpenSim.ApplicationPlugins.RemoteController", "OpenSim\ApplicationPlugins\RemoteController\OpenSim.ApplicationPlugins.RemoteController.csproj", "{ED788178-0000-0000-0000-000000000000}"
EndProject
Project("{FAE04EC0-301F-11D3-BF4B-00C04F79EFBC}") = "OpenSim.Capabilities", "OpenSim\Capabilities\OpenSim.Capabilities.csproj", "{E2F53366-0000-0000-0000-000000000000}"
EndProject
Project("{FAE04EC0-301F-11D3-BF4B-00C04F79EFBC}") = "OpenSim.Capabilities.Handlers", "OpenSim\Capabilities\Handlers\OpenSim.Capabilities.Handlers.csproj", "{8719836E-0000-0000-0000-000000000000}"
EndProject
Project("{FAE04EC0-301F-11D3-BF4B-00C04F79EFBC}") = "OpenSim.ConsoleClient", "OpenSim\ConsoleClient\OpenSim.ConsoleClient.csproj", "{F7168603-0000-0000-0000-000000000000}"
EndProject
Project("{FAE04EC0-301F-11D3-BF4B-00C04F79EFBC}") = "OpenSim.Data", "OpenSim\Data\OpenSim.Data.csproj", "{0842044D-0000-0000-0000-000000000000}"
EndProject
Project("{FAE04EC0-301F-11D3-BF4B-00C04F79EFBC}") = "OpenSim.Data.MySQL", "OpenSim\Data\MySQL\OpenSim.Data.MySQL.csproj", "{1081B25F-0000-0000-0000-000000000000}"
EndProject
Project("{FAE04EC0-301F-11D3-BF4B-00C04F79EFBC}") = "OpenSim.Data.Null", "OpenSim\Data\Null\OpenSim.Data.Null.csproj", "{180ED4BF-0000-0000-0000-000000000000}"
EndProject
Project("{FAE04EC0-301F-11D3-BF4B-00C04F79EFBC}") = "OpenSim.Data.PGSQL", "OpenSim\Data\PGSQL\OpenSim.Data.PGSQL.csproj", "{0543B9C7-0000-0000-0000-000000000000}"
EndProject
Project("{FAE04EC0-301F-11D3-BF4B-00C04F79EFBC}") = "OpenSim.Data.SQLite", "OpenSim\Data\SQLite\OpenSim.Data.SQLite.csproj", "{0A9A21AC-0000-0000-0000-000000000000}"
EndProject
Project("{FAE04EC0-301F-11D3-BF4B-00C04F79EFBC}") = "OpenSim.Framework", "OpenSim\Framework\OpenSim.Framework.csproj", "{B75DACC0-0000-0000-0000-000000000000}"
EndProject
Project("{FAE04EC0-301F-11D3-BF4B-00C04F79EFBC}") = "OpenSim.Framework.AssetLoader.Filesystem", "OpenSim\Framework\AssetLoader\Filesystem\OpenSim.Framework.AssetLoader.Filesystem.csproj", "{AB028ED7-0000-0000-0000-000000000000}"
EndProject
Project("{FAE04EC0-301F-11D3-BF4B-00C04F79EFBC}") = "OpenSim.Framework.Console", "OpenSim\Framework\Console\OpenSim.Framework.Console.csproj", "{5712AFE2-0000-0000-0000-000000000000}"
EndProject
Project("{FAE04EC0-301F-11D3-BF4B-00C04F79EFBC}") = "OpenSim.Framework.Monitoring", "OpenSim\Framework\Monitoring\OpenSim.Framework.Monitoring.csproj", "{D6E733E2-0000-0000-0000-000000000000}"
EndProject
Project("{FAE04EC0-301F-11D3-BF4B-00C04F79EFBC}") = "OpenSim.Framework.Serialization", "OpenSim\Framework\Serialization\OpenSim.Framework.Serialization.csproj", "{409F3E4B-0000-0000-0000-000000000000}"
EndProject
Project("{FAE04EC0-301F-11D3-BF4B-00C04F79EFBC}") = "OpenSim.Framework.Servers", "OpenSim\Framework\Servers\OpenSim.Framework.Servers.csproj", "{647BD4EC-0000-0000-0000-000000000000}"
EndProject
Project("{FAE04EC0-301F-11D3-BF4B-00C04F79EFBC}") = "OpenSim.Framework.Servers.HttpServer", "OpenSim\Framework\Servers\HttpServer\OpenSim.Framework.Servers.HttpServer.csproj", "{34481DB6-0000-0000-0000-000000000000}"
EndProject
Project("{FAE04EC0-301F-11D3-BF4B-00C04F79EFBC}") = "OpenSim.Region.ClientStack.LindenCaps", "OpenSim\Region\ClientStack\Linden\Caps\OpenSim.Region.ClientStack.LindenCaps.csproj", "{A701B961-0000-0000-0000-000000000000}"
EndProject
Project("{FAE04EC0-301F-11D3-BF4B-00C04F79EFBC}") = "OpenSim.Region.ClientStack.LindenUDP", "OpenSim\Region\ClientStack\Linden\UDP\OpenSim.Region.ClientStack.LindenUDP.csproj", "{B08888F6-0000-0000-0000-000000000000}"
EndProject
Project("{FAE04EC0-301F-11D3-BF4B-00C04F79EFBC}") = "OpenSim.Region.CoreModules", "OpenSim\Region\CoreModules\OpenSim.Region.CoreModules.csproj", "{D3F93AEA-0000-0000-0000-000000000000}"
EndProject
Project("{FAE04EC0-301F-11D3-BF4B-00C04F79EFBC}") = "OpenSim.Region.Framework", "OpenSim\Region\Framework\OpenSim.Region.Framework.csproj", "{D898CFF5-0000-0000-0000-000000000000}"
EndProject
Project("{FAE04EC0-301F-11D3-BF4B-00C04F79EFBC}") = "OpenSim.Region.OptionalModules", "OpenSim\Region\OptionalModules\OpenSim.Region.OptionalModules.csproj", "{4E214B10-0000-0000-0000-000000000000}"
EndProject
Project("{FAE04EC0-301F-11D3-BF4B-00C04F79EFBC}") = "OpenSim.Region.PhysicsModule.BasicPhysics", "OpenSim\Region\PhysicsModules\BasicPhysics\OpenSim.Region.PhysicsModule.BasicPhysics.csproj", "{D6741981-0000-0000-0000-000000000000}"
EndProject
Project("{FAE04EC0-301F-11D3-BF4B-00C04F79EFBC}") = "OpenSim.Region.PhysicsModule.BulletS", "OpenSim\Region\PhysicsModules\BulletS\OpenSim.Region.PhysicsModule.BulletS.csproj", "{774F3191-0000-0000-0000-000000000000}"
EndProject
Project("{FAE04EC0-301F-11D3-BF4B-00C04F79EFBC}") = "OpenSim.Region.PhysicsModule.Meshing", "OpenSim\Region\PhysicsModules\Meshing\OpenSim.Region.PhysicsModule.Meshing.csproj", "{AE41DF5F-0000-0000-0000-000000000000}"
EndProject
Project("{FAE04EC0-301F-11D3-BF4B-00C04F79EFBC}") = "OpenSim.Region.PhysicsModule.POS", "OpenSim\Region\PhysicsModules\POS\OpenSim.Region.PhysicsModule.POS.csproj", "{7AF0C08B-0000-0000-0000-000000000000}"
EndProject
Project("{FAE04EC0-301F-11D3-BF4B-00C04F79EFBC}") = "OpenSim.Region.PhysicsModule.ubOde", "OpenSim\Region\PhysicsModules\ubOde\OpenSim.Region.PhysicsModule.ubOde.csproj", "{33011A73-0000-0000-0000-000000000000}"
EndProject
Project("{FAE04EC0-301F-11D3-BF4B-00C04F79EFBC}") = "OpenSim.Region.PhysicsModule.ubOdeMeshing", "OpenSim\Region\PhysicsModules\ubOdeMeshing\OpenSim.Region.PhysicsModule.ubOdeMeshing.csproj", "{079AA527-0000-0000-0000-000000000000}"
EndProject
Project("{FAE04EC0-301F-11D3-BF4B-00C04F79EFBC}") = "OpenSim.Region.PhysicsModules.ConvexDecompositionDotNet", "OpenSim\Region\PhysicsModules\ConvexDecompositionDotNet\OpenSim.Region.PhysicsModules.ConvexDecompositionDotNet.csproj", "{BE3DBBBC-0000-0000-0000-000000000000}"
EndProject
Project("{FAE04EC0-301F-11D3-BF4B-00C04F79EFBC}") = "OpenSim.Region.PhysicsModules.SharedBase", "OpenSim\Region\PhysicsModules\SharedBase\OpenSim.Region.PhysicsModules.SharedBase.csproj", "{F92838B2-0000-0000-0000-000000000000}"
EndProject
Project("{FAE04EC0-301F-11D3-BF4B-00C04F79EFBC}") = "OpenSim.Region.ScriptEngine.Shared", "OpenSim\Region\ScriptEngine\Shared\OpenSim.Region.ScriptEngine.Shared.csproj", "{DD9F6C36-0000-0000-0000-000000000000}"
EndProject
Project("{FAE04EC0-301F-11D3-BF4B-00C04F79EFBC}") = "OpenSim.Region.ScriptEngine.Shared.Api", "OpenSim\Region\ScriptEngine\Shared\Api\Implementation\OpenSim.Region.ScriptEngine.Shared.Api.csproj", "{59CF0358-0000-0000-0000-000000000000}"
EndProject
Project("{FAE04EC0-301F-11D3-BF4B-00C04F79EFBC}") = "OpenSim.Region.ScriptEngine.Shared.Api.Runtime", "OpenSim\Region\ScriptEngine\Shared\Api\Runtime\OpenSim.Region.ScriptEngine.Shared.Api.Runtime.csproj", "{629A2174-0000-0000-0000-000000000000}"
EndProject
Project("{FAE04EC0-301F-11D3-BF4B-00C04F79EFBC}") = "OpenSim.Region.ScriptEngine.YEngine", "OpenSim\Region\ScriptEngine\YEngine\OpenSim.Region.ScriptEngine.YEngine.csproj", "{91A4D006-0000-0000-0000-000000000000}"
EndProject
Project("{FAE04EC0-301F-11D3-BF4B-00C04F79EFBC}") = "OpenSim.Server.Base", "OpenSim\Server\Base\OpenSim.Server.Base.csproj", "{3533B5AA-0000-0000-0000-000000000000}"
EndProject
Project("{FAE04EC0-301F-11D3-BF4B-00C04F79EFBC}") = "OpenSim.Server.Handlers", "OpenSim\Server\Handlers\OpenSim.Server.Handlers.csproj", "{5398509A-0000-0000-0000-000000000000}"
EndProject
Project("{FAE04EC0-301F-11D3-BF4B-00C04F79EFBC}") = "OpenSim.Services.AssetService", "OpenSim\Services\AssetService\OpenSim.Services.AssetService.csproj", "{A9AFD79E-0000-0000-0000-000000000000}"
EndProject
Project("{FAE04EC0-301F-11D3-BF4B-00C04F79EFBC}") = "OpenSim.Services.AuthenticationService", "OpenSim\Services\AuthenticationService\OpenSim.Services.AuthenticationService.csproj", "{7D07BF83-0000-0000-0000-000000000000}"
EndProject
Project("{FAE04EC0-301F-11D3-BF4B-00C04F79EFBC}") = "OpenSim.Services.AuthorizationService", "OpenSim\Services\AuthorizationService\OpenSim.Services.AuthorizationService.csproj", "{B5C0C003-0000-0000-0000-000000000000}"
EndProject
Project("{FAE04EC0-301F-11D3-BF4B-00C04F79EFBC}") = "OpenSim.Services.AvatarService", "OpenSim\Services\AvatarService\OpenSim.Services.AvatarService.csproj", "{EC0353D8-0000-0000-0000-000000000000}"
EndProject
Project("{FAE04EC0-301F-11D3-BF4B-00C04F79EFBC}") = "OpenSim.Services.Base", "OpenSim\Services\Base\OpenSim.Services.Base.csproj", "{97BD0419-0000-0000-0000-000000000000}"
EndProject
Project("{FAE04EC0-301F-11D3-BF4B-00C04F79EFBC}") = "OpenSim.Services.Connectors", "OpenSim\Services\Connectors\OpenSim.Services.Connectors.csproj", "{DF4B7F17-0000-0000-0000-000000000000}"
EndProject
Project("{FAE04EC0-301F-11D3-BF4B-00C04F79EFBC}") = "OpenSim.Services.EstateService", "OpenSim\Services\EstateService\OpenSim.Services.EstateService.csproj", "{B39CCA06-0000-0000-0000-000000000000}"
EndProject
Project("{FAE04EC0-301F-11D3-BF4B-00C04F79EFBC}") = "OpenSim.Services.FreeswitchService", "OpenSim\Services\FreeswitchService\OpenSim.Services.FreeswitchService.csproj", "{6D3D61E5-0000-0000-0000-000000000000}"
EndProject
Project("{FAE04EC0-301F-11D3-BF4B-00C04F79EFBC}") = "OpenSim.Services.FriendsService", "OpenSim\Services\Friends\OpenSim.Services.FriendsService.csproj", "{8910D908-0000-0000-0000-000000000000}"
EndProject
Project("{FAE04EC0-301F-11D3-BF4B-00C04F79EFBC}") = "OpenSim.Services.FSAssetService", "OpenSim\Services\FSAssetService\OpenSim.Services.FSAssetService.csproj", "{8AEC1AB7-0000-0000-0000-000000000000}"
EndProject
Project("{FAE04EC0-301F-11D3-BF4B-00C04F79EFBC}") = "OpenSim.Services.GridService", "OpenSim\Services\GridService\OpenSim.Services.GridService.csproj", "{2949CC57-0000-0000-0000-000000000000}"
EndProject
Project("{FAE04EC0-301F-11D3-BF4B-00C04F79EFBC}") = "OpenSim.Services.HypergridService", "OpenSim\Services\HypergridService\OpenSim.Services.HypergridService.csproj", "{632CC062-0000-0000-0000-000000000000}"
EndProject
Project("{FAE04EC0-301F-11D3-BF4B-00C04F79EFBC}") = "OpenSim.Services.Interfaces", "OpenSim\Services\Interfaces\OpenSim.Services.Interfaces.csproj", "{7AE1A3F5-0000-0000-0000-000000000000}"
EndProject
Project("{FAE04EC0-301F-11D3-BF4B-00C04F79EFBC}") = "OpenSim.Services.InventoryService", "OpenSim\Services\InventoryService\OpenSim.Services.InventoryService.csproj", "{7227556E-0000-0000-0000-000000000000}"
EndProject
Project("{FAE04EC0-301F-11D3-BF4B-00C04F79EFBC}") = "OpenSim.Services.LLLoginService", "OpenSim\Services\LLLoginService\OpenSim.Services.LLLoginService.csproj", "{50138387-0000-0000-0000-000000000000}"
EndProject
Project("{FAE04EC0-301F-11D3-BF4B-00C04F79EFBC}") = "OpenSim.Services.MapImageService", "OpenSim\Services\MapImageService\OpenSim.Services.MapImageService.csproj", "{D3D43016-0000-0000-0000-000000000000}"
EndProject
Project("{FAE04EC0-301F-11D3-BF4B-00C04F79EFBC}") = "OpenSim.Services.MuteListService", "OpenSim\Services\MuteListService\OpenSim.Services.MuteListService.csproj", "{6DCFF6AF-0000-0000-0000-000000000000}"
EndProject
Project("{FAE04EC0-301F-11D3-BF4B-00C04F79EFBC}") = "OpenSim.Services.PresenceService", "OpenSim\Services\PresenceService\OpenSim.Services.PresenceService.csproj", "{FBF776B9-0000-0000-0000-000000000000}"
EndProject
Project("{FAE04EC0-301F-11D3-BF4B-00C04F79EFBC}") = "OpenSim.Services.SimulationService", "OpenSim\Services\SimulationService\OpenSim.Services.SimulationService.csproj", "{6DAEA2CE-0000-0000-0000-000000000000}"
EndProject
Project("{FAE04EC0-301F-11D3-BF4B-00C04F79EFBC}") = "OpenSim.Services.UserAccountService", "OpenSim\Services\UserAccountService\OpenSim.Services.UserAccountService.csproj", "{8B738B2C-0000-0000-0000-000000000000}"
EndProject
Project("{FAE04EC0-301F-11D3-BF4B-00C04F79EFBC}") = "OpenSim.Services.UserProfilesService", "OpenSim\Services\UserProfilesService\OpenSim.Services.UserProfilesService.csproj", "{829F9910-0000-0000-0000-000000000000}"
EndProject
Project("{FAE04EC0-301F-11D3-BF4B-00C04F79EFBC}") = "OpenSim.Tools.Configger", "OpenSim\Tools\Configger\OpenSim.Tools.Configger.csproj", "{8D36D16F-0000-0000-0000-000000000000}"
EndProject
Project("{FAE04EC0-301F-11D3-BF4B-00C04F79EFBC}") = "OpenSimBirds.Module", "addon-modules\OpenSimBirds\Module\OpenSimBirds.Module.csproj", "{211A81E3-0000-0000-0000-000000000000}"
EndProject
Project("{FAE04EC0-301F-11D3-BF4B-00C04F79EFBC}") = "OpenSimSearch.Modules", "addon-modules\OpenSimSearch\Modules\OpenSimSearch.Modules.csproj", "{27F0ADDF-0000-0000-0000-000000000000}"
EndProject
Project("{FAE04EC0-301F-11D3-BF4B-00C04F79EFBC}") = "OpenSimTide.Module", "addon-modules\OpenSimTide\Module\OpenSimTide.Module.csproj", "{B7085B60-0000-0000-0000-000000000000}"
EndProject
Project("{FAE04EC0-301F-11D3-BF4B-00C04F79EFBC}") = "pCampBot", "OpenSim\Tools\pCampBot\pCampBot.csproj", "{BEE03907-0000-0000-0000-000000000000}"
EndProject
Project("{FAE04EC0-301F-11D3-BF4B-00C04F79EFBC}") = "Robust", "OpenSim\Server\Robust.csproj", "{8B7D3FB0-0000-0000-0000-000000000000}"
EndProject
Project("{FAE04EC0-301F-11D3-BF4B-00C04F79EFBC}") = "SmartThreadPool", "ThirdParty\SmartThreadPool\SmartThreadPool.csproj", "{A678283D-0000-0000-0000-000000000000}"
EndProject
Project("{FAE04EC0-301F-11D3-BF4B-00C04F79EFBC}") = "WhoGotWhat", "addon-modules\WhoGotWhat\WhoGotWhat.csproj", "{BF529081-0000-0000-0000-000000000000}"
EndProject
Global
	GlobalSection(SolutionConfigurationPlatforms) = preSolution
		Debug|Any CPU = Debug|Any CPU
		Release|Any CPU = Release|Any CPU
	EndGlobalSection
	GlobalSection(ProjectConfigurationPlatforms) = postSolution
		{E1386667-0000-0000-0000-000000000000}.Debug|Any CPU.ActiveCfg = Debug|Any CPU
		{E1386667-0000-0000-0000-000000000000}.Debug|Any CPU.Build.0 = Debug|Any CPU
		{E1386667-0000-0000-0000-000000000000}.Release|Any CPU.ActiveCfg = Release|Any CPU
		{E1386667-0000-0000-0000-000000000000}.Release|Any CPU.Build.0 = Release|Any CPU
		{E6083DFE-0000-0000-0000-000000000000}.Debug|Any CPU.ActiveCfg = Debug|Any CPU
		{E6083DFE-0000-0000-0000-000000000000}.Debug|Any CPU.Build.0 = Debug|Any CPU
		{E6083DFE-0000-0000-0000-000000000000}.Release|Any CPU.ActiveCfg = Release|Any CPU
		{E6083DFE-0000-0000-0000-000000000000}.Release|Any CPU.Build.0 = Release|Any CPU
		{5319E13D-0000-0000-0000-000000000000}.Debug|Any CPU.ActiveCfg = Debug|Any CPU
		{5319E13D-0000-0000-0000-000000000000}.Debug|Any CPU.Build.0 = Debug|Any CPU
		{5319E13D-0000-0000-0000-000000000000}.Release|Any CPU.ActiveCfg = Release|Any CPU
		{5319E13D-0000-0000-0000-000000000000}.Release|Any CPU.Build.0 = Release|Any CPU
		{8CBB4B56-0000-0000-0000-000000000000}.Debug|Any CPU.ActiveCfg = Debug|Any CPU
		{8CBB4B56-0000-0000-0000-000000000000}.Debug|Any CPU.Build.0 = Debug|Any CPU
		{8CBB4B56-0000-0000-0000-000000000000}.Release|Any CPU.ActiveCfg = Release|Any CPU
		{8CBB4B56-0000-0000-0000-000000000000}.Release|Any CPU.Build.0 = Release|Any CPU
		{8290C25D-0000-0000-0000-000000000000}.Debug|Any CPU.ActiveCfg = Debug|Any CPU
		{8290C25D-0000-0000-0000-000000000000}.Debug|Any CPU.Build.0 = Debug|Any CPU
		{8290C25D-0000-0000-0000-000000000000}.Release|Any CPU.ActiveCfg = Release|Any CPU
		{8290C25D-0000-0000-0000-000000000000}.Release|Any CPU.Build.0 = Release|Any CPU
		{FC67738E-0000-0000-0000-000000000000}.Debug|Any CPU.ActiveCfg = Debug|Any CPU
		{FC67738E-0000-0000-0000-000000000000}.Debug|Any CPU.Build.0 = Debug|Any CPU
		{FC67738E-0000-0000-0000-000000000000}.Release|Any CPU.ActiveCfg = Release|Any CPU
		{FC67738E-0000-0000-0000-000000000000}.Release|Any CPU.Build.0 = Release|Any CPU
		{DC59DFB0-0000-0000-0000-000000000000}.Debug|Any CPU.ActiveCfg = Debug|Any CPU
		{DC59DFB0-0000-0000-0000-000000000000}.Debug|Any CPU.Build.0 = Debug|Any CPU
		{DC59DFB0-0000-0000-0000-000000000000}.Release|Any CPU.ActiveCfg = Release|Any CPU
		{DC59DFB0-0000-0000-0000-000000000000}.Release|Any CPU.Build.0 = Release|Any CPU
		{7D612640-0000-0000-0000-000000000000}.Debug|Any CPU.ActiveCfg = Debug|Any CPU
		{7D612640-0000-0000-0000-000000000000}.Debug|Any CPU.Build.0 = Debug|Any CPU
		{7D612640-0000-0000-0000-000000000000}.Release|Any CPU.ActiveCfg = Release|Any CPU
		{7D612640-0000-0000-0000-000000000000}.Release|Any CPU.Build.0 = Release|Any CPU
		{0B564798-0000-0000-0000-000000000000}.Debug|Any CPU.ActiveCfg = Debug|Any CPU
		{0B564798-0000-0000-0000-000000000000}.Debug|Any CPU.Build.0 = Debug|Any CPU
		{0B564798-0000-0000-0000-000000000000}.Release|Any CPU.ActiveCfg = Release|Any CPU
		{0B564798-0000-0000-0000-000000000000}.Release|Any CPU.Build.0 = Release|Any CPU
		{6A7AA889-0000-0000-0000-000000000000}.Debug|Any CPU.ActiveCfg = Debug|Any CPU
		{6A7AA889-0000-0000-0000-000000000000}.Debug|Any CPU.Build.0 = Debug|Any CPU
		{6A7AA889-0000-0000-0000-000000000000}.Release|Any CPU.ActiveCfg = Release|Any CPU
		{6A7AA889-0000-0000-0000-000000000000}.Release|Any CPU.Build.0 = Release|Any CPU
		{DB134E73-0000-0000-0000-000000000000}.Debug|Any CPU.ActiveCfg = Debug|Any CPU
		{DB134E73-0000-0000-0000-000000000000}.Debug|Any CPU.Build.0 = Debug|Any CPU
		{DB134E73-0000-0000-0000-000000000000}.Release|Any CPU.ActiveCfg = Release|Any CPU
		{DB134E73-0000-0000-0000-000000000000}.Release|Any CPU.Build.0 = Release|Any CPU
		{32E632E5-0000-0000-0000-000000000000}.Debug|Any CPU.ActiveCfg = Debug|Any CPU
		{32E632E5-0000-0000-0000-000000000000}.Debug|Any CPU.Build.0 = Debug|Any CPU
		{32E632E5-0000-0000-0000-000000000000}.Release|Any CPU.ActiveCfg = Release|Any CPU
		{32E632E5-0000-0000-0000-000000000000}.Release|Any CPU.Build.0 = Release|Any CPU
		{3EAD90BE-0000-0000-0000-000000000000}.Debug|Any CPU.ActiveCfg = Debug|Any CPU
		{3EAD90BE-0000-0000-0000-000000000000}.Debug|Any CPU.Build.0 = Debug|Any CPU
		{3EAD90BE-0000-0000-0000-000000000000}.Release|Any CPU.ActiveCfg = Release|Any CPU
		{3EAD90BE-0000-0000-0000-000000000000}.Release|Any CPU.Build.0 = Release|Any CPU
		{C52A64DE-0000-0000-0000-000000000000}.Debug|Any CPU.ActiveCfg = Debug|Any CPU
		{C52A64DE-0000-0000-0000-000000000000}.Debug|Any CPU.Build.0 = Debug|Any CPU
		{C52A64DE-0000-0000-0000-000000000000}.Release|Any CPU.ActiveCfg = Release|Any CPU
		{C52A64DE-0000-0000-0000-000000000000}.Release|Any CPU.Build.0 = Release|Any CPU
		{90482DB3-0000-0000-0000-000000000000}.Debug|Any CPU.ActiveCfg = Debug|Any CPU
		{90482DB3-0000-0000-0000-000000000000}.Debug|Any CPU.Build.0 = Debug|Any CPU
		{90482DB3-0000-0000-0000-000000000000}.Release|Any CPU.ActiveCfg = Release|Any CPU
		{90482DB3-0000-0000-0000-000000000000}.Release|Any CPU.Build.0 = Release|Any CPU
		{1CA6E16A-0000-0000-0000-000000000000}.Debug|Any CPU.ActiveCfg = Debug|Any CPU
		{1CA6E16A-0000-0000-0000-000000000000}.Debug|Any CPU.Build.0 = Debug|Any CPU
		{1CA6E16A-0000-0000-0000-000000000000}.Release|Any CPU.ActiveCfg = Release|Any CPU
		{1CA6E16A-0000-0000-0000-000000000000}.Release|Any CPU.Build.0 = Release|Any CPU
		{F9D7C0B5-0000-0000-0000-000000000000}.Debug|Any CPU.ActiveCfg = Debug|Any CPU
		{F9D7C0B5-0000-0000-0000-000000000000}.Debug|Any CPU.Build.0 = Debug|Any CPU
		{F9D7C0B5-0000-0000-0000-000000000000}.Release|Any CPU.ActiveCfg = Release|Any CPU
		{F9D7C0B5-0000-0000-0000-000000000000}.Release|Any CPU.Build.0 = Release|Any CPU
		{ED788178-0000-0000-0000-000000000000}.Debug|Any CPU.ActiveCfg = Debug|Any CPU
		{ED788178-0000-0000-0000-000000000000}.Debug|Any CPU.Build.0 = Debug|Any CPU
		{ED788178-0000-0000-0000-000000000000}.Release|Any CPU.ActiveCfg = Release|Any CPU
		{ED788178-0000-0000-0000-000000000000}.Release|Any CPU.Build.0 = Release|Any CPU
		{E2F53366-0000-0000-0000-000000000000}.Debug|Any CPU.ActiveCfg = Debug|Any CPU
		{E2F53366-0000-0000-0000-000000000000}.Debug|Any CPU.Build.0 = Debug|Any CPU
		{E2F53366-0000-0000-0000-000000000000}.Release|Any CPU.ActiveCfg = Release|Any CPU
		{E2F53366-0000-0000-0000-000000000000}.Release|Any CPU.Build.0 = Release|Any CPU
		{8719836E-0000-0000-0000-000000000000}.Debug|Any CPU.ActiveCfg = Debug|Any CPU
		{8719836E-0000-0000-0000-000000000000}.Debug|Any CPU.Build.0 = Debug|Any CPU
		{8719836E-0000-0000-0000-000000000000}.Release|Any CPU.ActiveCfg = Release|Any CPU
		{8719836E-0000-0000-0000-000000000000}.Release|Any CPU.Build.0 = Release|Any CPU
		{F7168603-0000-0000-0000-000000000000}.Debug|Any CPU.ActiveCfg = Debug|Any CPU
		{F7168603-0000-0000-0000-000000000000}.Debug|Any CPU.Build.0 = Debug|Any CPU
		{F7168603-0000-0000-0000-000000000000}.Release|Any CPU.ActiveCfg = Release|Any CPU
		{F7168603-0000-0000-0000-000000000000}.Release|Any CPU.Build.0 = Release|Any CPU
		{0842044D-0000-0000-0000-000000000000}.Debug|Any CPU.ActiveCfg = Debug|Any CPU
		{0842044D-0000-0000-0000-000000000000}.Debug|Any CPU.Build.0 = Debug|Any CPU
		{0842044D-0000-0000-0000-000000000000}.Release|Any CPU.ActiveCfg = Release|Any CPU
		{0842044D-0000-0000-0000-000000000000}.Release|Any CPU.Build.0 = Release|Any CPU
		{1081B25F-0000-0000-0000-000000000000}.Debug|Any CPU.ActiveCfg = Debug|Any CPU
		{1081B25F-0000-0000-0000-000000000000}.Debug|Any CPU.Build.0 = Debug|Any CPU
		{1081B25F-0000-0000-0000-000000000000}.Release|Any CPU.ActiveCfg = Release|Any CPU
		{1081B25F-0000-0000-0000-000000000000}.Release|Any CPU.Build.0 = Release|Any CPU
		{180ED4BF-0000-0000-0000-000000000000}.Debug|Any CPU.ActiveCfg = Debug|Any CPU
		{180ED4BF-0000-0000-0000-000000000000}.Debug|Any CPU.Build.0 = Debug|Any CPU
		{180ED4BF-0000-0000-0000-000000000000}.Release|Any CPU.ActiveCfg = Release|Any CPU
		{180ED4BF-0000-0000-0000-000000000000}.Release|Any CPU.Build.0 = Release|Any CPU
		{0543B9C7-0000-0000-0000-000000000000}.Debug|Any CPU.ActiveCfg = Debug|Any CPU
		{0543B9C7-0000-0000-0000-000000000000}.Debug|Any CPU.Build.0 = Debug|Any CPU
		{0543B9C7-0000-0000-0000-000000000000}.Release|Any CPU.ActiveCfg = Release|Any CPU
		{0543B9C7-0000-0000-0000-000000000000}.Release|Any CPU.Build.0 = Release|Any CPU
		{0A9A21AC-0000-0000-0000-000000000000}.Debug|Any CPU.ActiveCfg = Debug|Any CPU
		{0A9A21AC-0000-0000-0000-000000000000}.Debug|Any CPU.Build.0 = Debug|Any CPU
		{0A9A21AC-0000-0000-0000-000000000000}.Release|Any CPU.ActiveCfg = Release|Any CPU
		{0A9A21AC-0000-0000-0000-000000000000}.Release|Any CPU.Build.0 = Release|Any CPU
		{B75DACC0-0000-0000-0000-000000000000}.Debug|Any CPU.ActiveCfg = Debug|Any CPU
		{B75DACC0-0000-0000-0000-000000000000}.Debug|Any CPU.Build.0 = Debug|Any CPU
		{B75DACC0-0000-0000-0000-000000000000}.Release|Any CPU.ActiveCfg = Release|Any CPU
		{B75DACC0-0000-0000-0000-000000000000}.Release|Any CPU.Build.0 = Release|Any CPU
		{AB028ED7-0000-0000-0000-000000000000}.Debug|Any CPU.ActiveCfg = Debug|Any CPU
		{AB028ED7-0000-0000-0000-000000000000}.Debug|Any CPU.Build.0 = Debug|Any CPU
		{AB028ED7-0000-0000-0000-000000000000}.Release|Any CPU.ActiveCfg = Release|Any CPU
		{AB028ED7-0000-0000-0000-000000000000}.Release|Any CPU.Build.0 = Release|Any CPU
		{5712AFE2-0000-0000-0000-000000000000}.Debug|Any CPU.ActiveCfg = Debug|Any CPU
		{5712AFE2-0000-0000-0000-000000000000}.Debug|Any CPU.Build.0 = Debug|Any CPU
		{5712AFE2-0000-0000-0000-000000000000}.Release|Any CPU.ActiveCfg = Release|Any CPU
		{5712AFE2-0000-0000-0000-000000000000}.Release|Any CPU.Build.0 = Release|Any CPU
		{D6E733E2-0000-0000-0000-000000000000}.Debug|Any CPU.ActiveCfg = Debug|Any CPU
		{D6E733E2-0000-0000-0000-000000000000}.Debug|Any CPU.Build.0 = Debug|Any CPU
		{D6E733E2-0000-0000-0000-000000000000}.Release|Any CPU.ActiveCfg = Release|Any CPU
		{D6E733E2-0000-0000-0000-000000000000}.Release|Any CPU.Build.0 = Release|Any CPU
		{409F3E4B-0000-0000-0000-000000000000}.Debug|Any CPU.ActiveCfg = Debug|Any CPU
		{409F3E4B-0000-0000-0000-000000000000}.Debug|Any CPU.Build.0 = Debug|Any CPU
		{409F3E4B-0000-0000-0000-000000000000}.Release|Any CPU.ActiveCfg = Release|Any CPU
		{409F3E4B-0000-0000-0000-000000000000}.Release|Any CPU.Build.0 = Release|Any CPU
		{647BD4EC-0000-0000-0000-000000000000}.Debug|Any CPU.ActiveCfg = Debug|Any CPU
		{647BD4EC-0000-0000-0000-000000000000}.Debug|Any CPU.Build.0 = Debug|Any CPU
		{647BD4EC-0000-0000-0000-000000000000}.Release|Any CPU.ActiveCfg = Release|Any CPU
		{647BD4EC-0000-0000-0000-000000000000}.Release|Any CPU.Build.0 = Release|Any CPU
		{34481DB6-0000-0000-0000-000000000000}.Debug|Any CPU.ActiveCfg = Debug|Any CPU
		{34481DB6-0000-0000-0000-000000000000}.Debug|Any CPU.Build.0 = Debug|Any CPU
		{34481DB6-0000-0000-0000-000000000000}.Release|Any CPU.ActiveCfg = Release|Any CPU
		{34481DB6-0000-0000-0000-000000000000}.Release|Any CPU.Build.0 = Release|Any CPU
		{A701B961-0000-0000-0000-000000000000}.Debug|Any CPU.ActiveCfg = Debug|Any CPU
		{A701B961-0000-0000-0000-000000000000}.Debug|Any CPU.Build.0 = Debug|Any CPU
		{A701B961-0000-0000-0000-000000000000}.Release|Any CPU.ActiveCfg = Release|Any CPU
		{A701B961-0000-0000-0000-000000000000}.Release|Any CPU.Build.0 = Release|Any CPU
		{B08888F6-0000-0000-0000-000000000000}.Debug|Any CPU.ActiveCfg = Debug|Any CPU
		{B08888F6-0000-0000-0000-000000000000}.Debug|Any CPU.Build.0 = Debug|Any CPU
		{B08888F6-0000-0000-0000-000000000000}.Release|Any CPU.ActiveCfg = Release|Any CPU
		{B08888F6-0000-0000-0000-000000000000}.Release|Any CPU.Build.0 = Release|Any CPU
		{D3F93AEA-0000-0000-0000-000000000000}.Debug|Any CPU.ActiveCfg = Debug|Any CPU
		{D3F93AEA-0000-0000-0000-000000000000}.Debug|Any CPU.Build.0 = Debug|Any CPU
		{D3F93AEA-0000-0000-0000-000000000000}.Release|Any CPU.ActiveCfg = Release|Any CPU
		{D3F93AEA-0000-0000-0000-000000000000}.Release|Any CPU.Build.0 = Release|Any CPU
		{D898CFF5-0000-0000-0000-000000000000}.Debug|Any CPU.ActiveCfg = Debug|Any CPU
		{D898CFF5-0000-0000-0000-000000000000}.Debug|Any CPU.Build.0 = Debug|Any CPU
		{D898CFF5-0000-0000-0000-000000000000}.Release|Any CPU.ActiveCfg = Release|Any CPU
		{D898CFF5-0000-0000-0000-000000000000}.Release|Any CPU.Build.0 = Release|Any CPU
		{4E214B10-0000-0000-0000-000000000000}.Debug|Any CPU.ActiveCfg = Debug|Any CPU
		{4E214B10-0000-0000-0000-000000000000}.Debug|Any CPU.Build.0 = Debug|Any CPU
		{4E214B10-0000-0000-0000-000000000000}.Release|Any CPU.ActiveCfg = Release|Any CPU
		{4E214B10-0000-0000-0000-000000000000}.Release|Any CPU.Build.0 = Release|Any CPU
		{D6741981-0000-0000-0000-000000000000}.Debug|Any CPU.ActiveCfg = Debug|Any CPU
		{D6741981-0000-0000-0000-000000000000}.Debug|Any CPU.Build.0 = Debug|Any CPU
		{D6741981-0000-0000-0000-000000000000}.Release|Any CPU.ActiveCfg = Release|Any CPU
		{D6741981-0000-0000-0000-000000000000}.Release|Any CPU.Build.0 = Release|Any CPU
		{774F3191-0000-0000-0000-000000000000}.Debug|Any CPU.ActiveCfg = Debug|Any CPU
		{774F3191-0000-0000-0000-000000000000}.Debug|Any CPU.Build.0 = Debug|Any CPU
		{774F3191-0000-0000-0000-000000000000}.Release|Any CPU.ActiveCfg = Release|Any CPU
		{774F3191-0000-0000-0000-000000000000}.Release|Any CPU.Build.0 = Release|Any CPU
		{AE41DF5F-0000-0000-0000-000000000000}.Debug|Any CPU.ActiveCfg = Debug|Any CPU
		{AE41DF5F-0000-0000-0000-000000000000}.Debug|Any CPU.Build.0 = Debug|Any CPU
		{AE41DF5F-0000-0000-0000-000000000000}.Release|Any CPU.ActiveCfg = Release|Any CPU
		{AE41DF5F-0000-0000-0000-000000000000}.Release|Any CPU.Build.0 = Release|Any CPU
		{7AF0C08B-0000-0000-0000-000000000000}.Debug|Any CPU.ActiveCfg = Debug|Any CPU
		{7AF0C08B-0000-0000-0000-000000000000}.Debug|Any CPU.Build.0 = Debug|Any CPU
		{7AF0C08B-0000-0000-0000-000000000000}.Release|Any CPU.ActiveCfg = Release|Any CPU
		{7AF0C08B-0000-0000-0000-000000000000}.Release|Any CPU.Build.0 = Release|Any CPU
		{33011A73-0000-0000-0000-000000000000}.Debug|Any CPU.ActiveCfg = Debug|Any CPU
		{33011A73-0000-0000-0000-000000000000}.Debug|Any CPU.Build.0 = Debug|Any CPU
		{33011A73-0000-0000-0000-000000000000}.Release|Any CPU.ActiveCfg = Release|Any CPU
		{33011A73-0000-0000-0000-000000000000}.Release|Any CPU.Build.0 = Release|Any CPU
		{079AA527-0000-0000-0000-000000000000}.Debug|Any CPU.ActiveCfg = Debug|Any CPU
		{079AA527-0000-0000-0000-000000000000}.Debug|Any CPU.Build.0 = Debug|Any CPU
		{079AA527-0000-0000-0000-000000000000}.Release|Any CPU.ActiveCfg = Release|Any CPU
		{079AA527-0000-0000-0000-000000000000}.Release|Any CPU.Build.0 = Release|Any CPU
		{BE3DBBBC-0000-0000-0000-000000000000}.Debug|Any CPU.ActiveCfg = Debug|Any CPU
		{BE3DBBBC-0000-0000-0000-000000000000}.Debug|Any CPU.Build.0 = Debug|Any CPU
		{BE3DBBBC-0000-0000-0000-000000000000}.Release|Any CPU.ActiveCfg = Release|Any CPU
		{BE3DBBBC-0000-0000-0000-000000000000}.Release|Any CPU.Build.0 = Release|Any CPU
		{F92838B2-0000-0000-0000-000000000000}.Debug|Any CPU.ActiveCfg = Debug|Any CPU
		{F92838B2-0000-0000-0000-000000000000}.Debug|Any CPU.Build.0 = Debug|Any CPU
		{F92838B2-0000-0000-0000-000000000000}.Release|Any CPU.ActiveCfg = Release|Any CPU
		{F92838B2-0000-0000-0000-000000000000}.Release|Any CPU.Build.0 = Release|Any CPU
		{DD9F6C36-0000-0000-0000-000000000000}.Debug|Any CPU.ActiveCfg = Debug|Any CPU
		{DD9F6C36-0000-0000-0000-000000000000}.Debug|Any CPU.Build.0 = Debug|Any CPU
		{DD9F6C36-0000-0000-0000-000000000000}.Release|Any CPU.ActiveCfg = Release|Any CPU
		{DD9F6C36-0000-0000-0000-000000000000}.Release|Any CPU.Build.0 = Release|Any CPU
		{59CF0358-0000-0000-0000-000000000000}.Debug|Any CPU.ActiveCfg = Debug|Any CPU
		{59CF0358-0000-0000-0000-000000000000}.Debug|Any CPU.Build.0 = Debug|Any CPU
		{59CF0358-0000-0000-0000-000000000000}.Release|Any CPU.ActiveCfg = Release|Any CPU
		{59CF0358-0000-0000-0000-000000000000}.Release|Any CPU.Build.0 = Release|Any CPU
		{629A2174-0000-0000-0000-000000000000}.Debug|Any CPU.ActiveCfg = Debug|Any CPU
		{629A2174-0000-0000-0000-000000000000}.Debug|Any CPU.Build.0 = Debug|Any CPU
		{629A2174-0000-0000-0000-000000000000}.Release|Any CPU.ActiveCfg = Release|Any CPU
		{629A2174-0000-0000-0000-000000000000}.Release|Any CPU.Build.0 = Release|Any CPU
		{91A4D006-0000-0000-0000-000000000000}.Debug|Any CPU.ActiveCfg = Debug|Any CPU
		{91A4D006-0000-0000-0000-000000000000}.Debug|Any CPU.Build.0 = Debug|Any CPU
		{91A4D006-0000-0000-0000-000000000000}.Release|Any CPU.ActiveCfg = Release|Any CPU
		{91A4D006-0000-0000-0000-000000000000}.Release|Any CPU.Build.0 = Release|Any CPU
		{3533B5AA-0000-0000-0000-000000000000}.Debug|Any CPU.ActiveCfg = Debug|Any CPU
		{3533B5AA-0000-0000-0000-000000000000}.Debug|Any CPU.Build.0 = Debug|Any CPU
		{3533B5AA-0000-0000-0000-000000000000}.Release|Any CPU.ActiveCfg = Release|Any CPU
		{3533B5AA-0000-0000-0000-000000000000}.Release|Any CPU.Build.0 = Release|Any CPU
		{5398509A-0000-0000-0000-000000000000}.Debug|Any CPU.ActiveCfg = Debug|Any CPU
		{5398509A-0000-0000-0000-000000000000}.Debug|Any CPU.Build.0 = Debug|Any CPU
		{5398509A-0000-0000-0000-000000000000}.Release|Any CPU.ActiveCfg = Release|Any CPU
		{5398509A-0000-0000-0000-000000000000}.Release|Any CPU.Build.0 = Release|Any CPU
		{A9AFD79E-0000-0000-0000-000000000000}.Debug|Any CPU.ActiveCfg = Debug|Any CPU
		{A9AFD79E-0000-0000-0000-000000000000}.Debug|Any CPU.Build.0 = Debug|Any CPU
		{A9AFD79E-0000-0000-0000-000000000000}.Release|Any CPU.ActiveCfg = Release|Any CPU
		{A9AFD79E-0000-0000-0000-000000000000}.Release|Any CPU.Build.0 = Release|Any CPU
		{7D07BF83-0000-0000-0000-000000000000}.Debug|Any CPU.ActiveCfg = Debug|Any CPU
		{7D07BF83-0000-0000-0000-000000000000}.Debug|Any CPU.Build.0 = Debug|Any CPU
		{7D07BF83-0000-0000-0000-000000000000}.Release|Any CPU.ActiveCfg = Release|Any CPU
		{7D07BF83-0000-0000-0000-000000000000}.Release|Any CPU.Build.0 = Release|Any CPU
		{B5C0C003-0000-0000-0000-000000000000}.Debug|Any CPU.ActiveCfg = Debug|Any CPU
		{B5C0C003-0000-0000-0000-000000000000}.Debug|Any CPU.Build.0 = Debug|Any CPU
		{B5C0C003-0000-0000-0000-000000000000}.Release|Any CPU.ActiveCfg = Release|Any CPU
		{B5C0C003-0000-0000-0000-000000000000}.Release|Any CPU.Build.0 = Release|Any CPU
		{EC0353D8-0000-0000-0000-000000000000}.Debug|Any CPU.ActiveCfg = Debug|Any CPU
		{EC0353D8-0000-0000-0000-000000000000}.Debug|Any CPU.Build.0 = Debug|Any CPU
		{EC0353D8-0000-0000-0000-000000000000}.Release|Any CPU.ActiveCfg = Release|Any CPU
		{EC0353D8-0000-0000-0000-000000000000}.Release|Any CPU.Build.0 = Release|Any CPU
		{97BD0419-0000-0000-0000-000000000000}.Debug|Any CPU.ActiveCfg = Debug|Any CPU
		{97BD0419-0000-0000-0000-000000000000}.Debug|Any CPU.Build.0 = Debug|Any CPU
		{97BD0419-0000-0000-0000-000000000000}.Release|Any CPU.ActiveCfg = Release|Any CPU
		{97BD0419-0000-0000-0000-000000000000}.Release|Any CPU.Build.0 = Release|Any CPU
		{DF4B7F17-0000-0000-0000-000000000000}.Debug|Any CPU.ActiveCfg = Debug|Any CPU
		{DF4B7F17-0000-0000-0000-000000000000}.Debug|Any CPU.Build.0 = Debug|Any CPU
		{DF4B7F17-0000-0000-0000-000000000000}.Release|Any CPU.ActiveCfg = Release|Any CPU
		{DF4B7F17-0000-0000-0000-000000000000}.Release|Any CPU.Build.0 = Release|Any CPU
		{B39CCA06-0000-0000-0000-000000000000}.Debug|Any CPU.ActiveCfg = Debug|Any CPU
		{B39CCA06-0000-0000-0000-000000000000}.Debug|Any CPU.Build.0 = Debug|Any CPU
		{B39CCA06-0000-0000-0000-000000000000}.Release|Any CPU.ActiveCfg = Release|Any CPU
		{B39CCA06-0000-0000-0000-000000000000}.Release|Any CPU.Build.0 = Release|Any CPU
		{6D3D61E5-0000-0000-0000-000000000000}.Debug|Any CPU.ActiveCfg = Debug|Any CPU
		{6D3D61E5-0000-0000-0000-000000000000}.Debug|Any CPU.Build.0 = Debug|Any CPU
		{6D3D61E5-0000-0000-0000-000000000000}.Release|Any CPU.ActiveCfg = Release|Any CPU
		{6D3D61E5-0000-0000-0000-000000000000}.Release|Any CPU.Build.0 = Release|Any CPU
		{8910D908-0000-0000-0000-000000000000}.Debug|Any CPU.ActiveCfg = Debug|Any CPU
		{8910D908-0000-0000-0000-000000000000}.Debug|Any CPU.Build.0 = Debug|Any CPU
		{8910D908-0000-0000-0000-000000000000}.Release|Any CPU.ActiveCfg = Release|Any CPU
		{8910D908-0000-0000-0000-000000000000}.Release|Any CPU.Build.0 = Release|Any CPU
		{8AEC1AB7-0000-0000-0000-000000000000}.Debug|Any CPU.ActiveCfg = Debug|Any CPU
		{8AEC1AB7-0000-0000-0000-000000000000}.Debug|Any CPU.Build.0 = Debug|Any CPU
		{8AEC1AB7-0000-0000-0000-000000000000}.Release|Any CPU.ActiveCfg = Release|Any CPU
		{8AEC1AB7-0000-0000-0000-000000000000}.Release|Any CPU.Build.0 = Release|Any CPU
		{2949CC57-0000-0000-0000-000000000000}.Debug|Any CPU.ActiveCfg = Debug|Any CPU
		{2949CC57-0000-0000-0000-000000000000}.Debug|Any CPU.Build.0 = Debug|Any CPU
		{2949CC57-0000-0000-0000-000000000000}.Release|Any CPU.ActiveCfg = Release|Any CPU
		{2949CC57-0000-0000-0000-000000000000}.Release|Any CPU.Build.0 = Release|Any CPU
		{632CC062-0000-0000-0000-000000000000}.Debug|Any CPU.ActiveCfg = Debug|Any CPU
		{632CC062-0000-0000-0000-000000000000}.Debug|Any CPU.Build.0 = Debug|Any CPU
		{632CC062-0000-0000-0000-000000000000}.Release|Any CPU.ActiveCfg = Release|Any CPU
		{632CC062-0000-0000-0000-000000000000}.Release|Any CPU.Build.0 = Release|Any CPU
		{7AE1A3F5-0000-0000-0000-000000000000}.Debug|Any CPU.ActiveCfg = Debug|Any CPU
		{7AE1A3F5-0000-0000-0000-000000000000}.Debug|Any CPU.Build.0 = Debug|Any CPU
		{7AE1A3F5-0000-0000-0000-000000000000}.Release|Any CPU.ActiveCfg = Release|Any CPU
		{7AE1A3F5-0000-0000-0000-000000000000}.Release|Any CPU.Build.0 = Release|Any CPU
		{7227556E-0000-0000-0000-000000000000}.Debug|Any CPU.ActiveCfg = Debug|Any CPU
		{7227556E-0000-0000-0000-000000000000}.Debug|Any CPU.Build.0 = Debug|Any CPU
		{7227556E-0000-0000-0000-000000000000}.Release|Any CPU.ActiveCfg = Release|Any CPU
		{7227556E-0000-0000-0000-000000000000}.Release|Any CPU.Build.0 = Release|Any CPU
		{50138387-0000-0000-0000-000000000000}.Debug|Any CPU.ActiveCfg = Debug|Any CPU
		{50138387-0000-0000-0000-000000000000}.Debug|Any CPU.Build.0 = Debug|Any CPU
		{50138387-0000-0000-0000-000000000000}.Release|Any CPU.ActiveCfg = Release|Any CPU
		{50138387-0000-0000-0000-000000000000}.Release|Any CPU.Build.0 = Release|Any CPU
		{D3D43016-0000-0000-0000-000000000000}.Debug|Any CPU.ActiveCfg = Debug|Any CPU
		{D3D43016-0000-0000-0000-000000000000}.Debug|Any CPU.Build.0 = Debug|Any CPU
		{D3D43016-0000-0000-0000-000000000000}.Release|Any CPU.ActiveCfg = Release|Any CPU
		{D3D43016-0000-0000-0000-000000000000}.Release|Any CPU.Build.0 = Release|Any CPU
		{6DCFF6AF-0000-0000-0000-000000000000}.Debug|Any CPU.ActiveCfg = Debug|Any CPU
		{6DCFF6AF-0000-0000-0000-000000000000}.Debug|Any CPU.Build.0 = Debug|Any CPU
		{6DCFF6AF-0000-0000-0000-000000000000}.Release|Any CPU.ActiveCfg = Release|Any CPU
		{6DCFF6AF-0000-0000-0000-000000000000}.Release|Any CPU.Build.0 = Release|Any CPU
		{FBF776B9-0000-0000-0000-000000000000}.Debug|Any CPU.ActiveCfg = Debug|Any CPU
		{FBF776B9-0000-0000-0000-000000000000}.Debug|Any CPU.Build.0 = Debug|Any CPU
		{FBF776B9-0000-0000-0000-000000000000}.Release|Any CPU.ActiveCfg = Release|Any CPU
		{FBF776B9-0000-0000-0000-000000000000}.Release|Any CPU.Build.0 = Release|Any CPU
		{6DAEA2CE-0000-0000-0000-000000000000}.Debug|Any CPU.ActiveCfg = Debug|Any CPU
		{6DAEA2CE-0000-0000-0000-000000000000}.Debug|Any CPU.Build.0 = Debug|Any CPU
		{6DAEA2CE-0000-0000-0000-000000000000}.Release|Any CPU.ActiveCfg = Release|Any CPU
		{6DAEA2CE-0000-0000-0000-000000000000}.Release|Any CPU.Build.0 = Release|Any CPU
		{8B738B2C-0000-0000-0000-000000000000}.Debug|Any CPU.ActiveCfg = Debug|Any CPU
		{8B738B2C-0000-0000-0000-000000000000}.Debug|Any CPU.Build.0 = Debug|Any CPU
		{8B738B2C-0000-0000-0000-000000000000}.Release|Any CPU.ActiveCfg = Release|Any CPU
		{8B738B2C-0000-0000-0000-000000000000}.Release|Any CPU.Build.0 = Release|Any CPU
		{829F9910-0000-0000-0000-000000000000}.Debug|Any CPU.ActiveCfg = Debug|Any CPU
		{829F9910-0000-0000-0000-000000000000}.Debug|Any CPU.Build.0 = Debug|Any CPU
		{829F9910-0000-0000-0000-000000000000}.Release|Any CPU.ActiveCfg = Release|Any CPU
		{829F9910-0000-0000-0000-000000000000}.Release|Any CPU.Build.0 = Release|Any CPU
		{8D36D16F-0000-0000-0000-000000000000}.Debug|Any CPU.ActiveCfg = Debug|Any CPU
		{8D36D16F-0000-0000-0000-000000000000}.Debug|Any CPU.Build.0 = Debug|Any CPU
		{8D36D16F-0000-0000-0000-000000000000}.Release|Any CPU.ActiveCfg = Release|Any CPU
		{8D36D16F-0000-0000-0000-000000000000}.Release|Any CPU.Build.0 = Release|Any CPU
		{211A81E3-0000-0000-0000-000000000000}.Debug|Any CPU.ActiveCfg = Debug|Any CPU
		{211A81E3-0000-0000-0000-000000000000}.Debug|Any CPU.Build.0 = Debug|Any CPU
		{211A81E3-0000-0000-0000-000000000000}.Release|Any CPU.ActiveCfg = Release|Any CPU
		{211A81E3-0000-0000-0000-000000000000}.Release|Any CPU.Build.0 = Release|Any CPU
		{27F0ADDF-0000-0000-0000-000000000000}.Debug|Any CPU.ActiveCfg = Debug|Any CPU
		{27F0ADDF-0000-0000-0000-000000000000}.Debug|Any CPU.Build.0 = Debug|Any CPU
		{27F0ADDF-0000-0000-0000-000000000000}.Release|Any CPU.ActiveCfg = Release|Any CPU
		{27F0ADDF-0000-0000-0000-000000000000}.Release|Any CPU.Build.0 = Release|Any CPU
		{B7085B60-0000-0000-0000-000000000000}.Debug|Any CPU.ActiveCfg = Debug|Any CPU
		{B7085B60-0000-0000-0000-000000000000}.Debug|Any CPU.Build.0 = Debug|Any CPU
		{B7085B60-0000-0000-0000-000000000000}.Release|Any CPU.ActiveCfg = Release|Any CPU
		{B7085B60-0000-0000-0000-000000000000}.Release|Any CPU.Build.0 = Release|Any CPU
		{BEE03907-0000-0000-0000-000000000000}.Debug|Any CPU.ActiveCfg = Debug|Any CPU
		{BEE03907-0000-0000-0000-000000000000}.Debug|Any CPU.Build.0 = Debug|Any CPU
		{BEE03907-0000-0000-0000-000000000000}.Release|Any CPU.ActiveCfg = Release|Any CPU
		{BEE03907-0000-0000-0000-000000000000}.Release|Any CPU.Build.0 = Release|Any CPU
		{8B7D3FB0-0000-0000-0000-000000000000}.Debug|Any CPU.ActiveCfg = Debug|Any CPU
		{8B7D3FB0-0000-0000-0000-000000000000}.Debug|Any CPU.Build.0 = Debug|Any CPU
		{8B7D3FB0-0000-0000-0000-000000000000}.Release|Any CPU.ActiveCfg = Release|Any CPU
		{8B7D3FB0-0000-0000-0000-000000000000}.Release|Any CPU.Build.0 = Release|Any CPU
		{A678283D-0000-0000-0000-000000000000}.Debug|Any CPU.ActiveCfg = Debug|Any CPU
		{A678283D-0000-0000-0000-000000000000}.Debug|Any CPU.Build.0 = Debug|Any CPU
		{A678283D-0000-0000-0000-000000000000}.Release|Any CPU.ActiveCfg = Release|Any CPU
		{A678283D-0000-0000-0000-000000000000}.Release|Any CPU.Build.0 = Release|Any CPU
		{BF529081-0000-0000-0000-000000000000}.Debug|Any CPU.ActiveCfg = Debug|Any CPU
		{BF529081-0000-0000-0000-000000000000}.Debug|Any CPU.Build.0 = Debug|Any CPU
		{BF529081-0000-0000-0000-000000000000}.Release|Any CPU.ActiveCfg = Release|Any CPU
		{BF529081-0000-0000-0000-000000000000}.Release|Any CPU.Build.0 = Release|Any CPU
	EndGlobalSection
EndGlobal
