Microsoft Visual Studio Solution File, Format Version 12.00
# Visual Studio 22
Project("{FAE04EC0-301F-11D3-BF4B-00C04F79EFBC}") = "Diva.AddinExample", "addon-modules\02AddinExample\Diva.AddinExample.csproj", "{FD727B3E-0000-0000-0000-000000000000}"
EndProject
Project("{FAE04EC0-301F-11D3-BF4B-00C04F79EFBC}") = "Diva.Data", "addon-modules\00Data\Diva.Data.csproj", "{E23A1378-0000-0000-0000-000000000000}"
EndProject
Project("{FAE04EC0-301F-11D3-BF4B-00C04F79EFBC}") = "Diva.Data.MySQL", "addon-modules\00Data\MySQL\Diva.Data.MySQL.csproj", "{024FD4F7-0000-0000-0000-000000000000}"
EndProject
Project("{FAE04EC0-301F-11D3-BF4B-00C04F79EFBC}") = "Diva.Data.SQLite", "addon-modules\00Data\SQLite\Diva.Data.SQLite.csproj", "{D019A2CB-0000-0000-0000-000000000000}"
EndProject
Project("{FAE04EC0-301F-11D3-BF4B-00C04F79EFBC}") = "Diva.Interfaces", "addon-modules\00DivaInterfaces\Diva.Interfaces.csproj", "{7BA2F69B-0000-0000-0000-000000000000}"
EndProject
Project("{FAE04EC0-301F-11D3-BF4B-00C04F79EFBC}") = "Diva.OpenSimServices", "addon-modules\1DivaOpenSimServices\Diva.OpenSimServices.csproj", "{91DEBFEA-0000-0000-0000-000000000000}"
EndProject
Project("{FAE04EC0-301F-11D3-BF4B-00C04F79EFBC}") = "Diva.Utils", "addon-modules\01DivaUtils\Diva.Utils.csproj", "{6DADF014-0000-0000-0000-000000000000}"
EndProject
Project("{FAE04EC0-301F-11D3-BF4B-00C04F79EFBC}") = "Diva.Wifi", "addon-modules\21Wifi\Diva.Wifi.csproj", "{96913904-0000-0000-0000-000000000000}"
EndProject
Project("{FAE04EC0-301F-11D3-BF4B-00C04F79EFBC}") = "Diva.Wifi.ProcessorTest", "addon-modules\ProcessorTest\Diva.Wifi.ProcessorTest.csproj", "{6DC6C194-0000-0000-0000-000000000000}"
EndProject
Project("{FAE04EC0-301F-11D3-BF4B-00C04F79EFBC}") = "Diva.Wifi.ScriptEngine", "addon-modules\20WifiScriptEngine\Diva.Wifi.ScriptEngine.csproj", "{898F2901-0000-0000-0000-000000000000}"
EndProject
Project("{FAE04EC0-301F-11D3-BF4B-00C04F79EFBC}") = "Gloebit", "addon-modules\Gloebit\GloebitMoneyModule\Gloebit.csproj", "{28593D46-0000-0000-0000-000000000000}"
EndProject
Project("{FAE04EC0-301F-11D3-BF4B-00C04F79EFBC}") = "jOpenSimSearch.Modules", "addon-modules\jOpenSimSearch\Modules\jOpenSimSearch.Modules.csproj", "{7813261A-0000-0000-0000-000000000000}"
EndProject
Project("{FAE04EC0-301F-11D3-BF4B-00C04F79EFBC}") = "OpenSim", "OpenSim\Region\Application\OpenSim.csproj", "{02612445-0000-0000-0000-000000000000}"
EndProject
Project("{FAE04EC0-301F-11D3-BF4B-00C04F79EFBC}") = "OpenSim.Addons.Groups", "OpenSim\Addons\Groups\OpenSim.Addons.Groups.csproj", "{AD54F73D-0000-0000-0000-000000000000}"
EndProject
Project("{FAE04EC0-301F-11D3-BF4B-00C04F79EFBC}") = "OpenSim.Addons.OfflineIM", "OpenSim\Addons\OfflineIM\OpenSim.Addons.OfflineIM.csproj", "{3040FDB3-0000-0000-0000-000000000000}"
EndProject
Project("{FAE04EC0-301F-11D3-BF4B-00C04F79EFBC}") = "OpenSim.ApplicationPlugins.LoadRegions", "OpenSim\ApplicationPlugins\LoadRegions\OpenSim.ApplicationPlugins.LoadRegions.csproj", "{95972F3B-0000-0000-0000-000000000000}"
EndProject
Project("{FAE04EC0-301F-11D3-BF4B-00C04F79EFBC}") = "OpenSim.ApplicationPlugins.RegionModulesController", "OpenSim\ApplicationPlugins\RegionModulesController\OpenSim.ApplicationPlugins.RegionModulesController.csproj", "{82D17E48-0000-0000-0000-000000000000}"
EndProject
Project("{FAE04EC0-301F-11D3-BF4B-00C04F79EFBC}") = "OpenSim.ApplicationPlugins.RemoteController", "OpenSim\ApplicationPlugins\RemoteController\OpenSim.ApplicationPlugins.RemoteController.csproj", "{C0D0F41D-0000-0000-0000-000000000000}"
EndProject
Project("{FAE04EC0-301F-11D3-BF4B-00C04F79EFBC}") = "OpenSim.Capabilities", "OpenSim\Capabilities\OpenSim.Capabilities.csproj", "{B8A73053-0000-0000-0000-000000000000}"
EndProject
Project("{FAE04EC0-301F-11D3-BF4B-00C04F79EFBC}") = "OpenSim.Capabilities.Handlers", "OpenSim\Capabilities\Handlers\OpenSim.Capabilities.Handlers.csproj", "{2F6F5831-0000-0000-0000-000000000000}"
EndProject
Project("{FAE04EC0-301F-11D3-BF4B-00C04F79EFBC}") = "OpenSim.ConsoleClient", "OpenSim\ConsoleClient\OpenSim.ConsoleClient.csproj", "{859D03FB-0000-0000-0000-000000000000}"
EndProject
Project("{FAE04EC0-301F-11D3-BF4B-00C04F79EFBC}") = "OpenSim.Data", "OpenSim\Data\OpenSim.Data.csproj", "{F889B0BC-0000-0000-0000-000000000000}"
EndProject
Project("{FAE04EC0-301F-11D3-BF4B-00C04F79EFBC}") = "OpenSim.Data.MySQL", "OpenSim\Data\MySQL\OpenSim.Data.MySQL.csproj", "{0252165F-0000-0000-0000-000000000000}"
EndProject
Project("{FAE04EC0-301F-11D3-BF4B-00C04F79EFBC}") = "OpenSim.Data.Null", "OpenSim\Data\Null\OpenSim.Data.Null.csproj", "{F1D11165-0000-0000-0000-000000000000}"
EndProject
Project("{FAE04EC0-301F-11D3-BF4B-00C04F79EFBC}") = "OpenSim.Data.PGSQL", "OpenSim\Data\PGSQL\OpenSim.Data.PGSQL.csproj", "{89BA82E9-0000-0000-0000-000000000000}"
EndProject
Project("{FAE04EC0-301F-11D3-BF4B-00C04F79EFBC}") = "OpenSim.Data.SQLite", "OpenSim\Data\SQLite\OpenSim.Data.SQLite.csproj", "{9877D185-0000-0000-0000-000000000000}"
EndProject
Project("{FAE04EC0-301F-11D3-BF4B-00C04F79EFBC}") = "OpenSim.Framework", "OpenSim\Framework\OpenSim.Framework.csproj", "{1304759B-0000-0000-0000-000000000000}"
EndProject
Project("{FAE04EC0-301F-11D3-BF4B-00C04F79EFBC}") = "OpenSim.Framework.AssetLoader.Filesystem", "OpenSim\Framework\AssetLoader\Filesystem\OpenSim.Framework.AssetLoader.Filesystem.csproj", "{0E4A920C-0000-0000-0000-000000000000}"
EndProject
Project("{FAE04EC0-301F-11D3-BF4B-00C04F79EFBC}") = "OpenSim.Framework.Console", "OpenSim\Framework\Console\OpenSim.Framework.Console.csproj", "{AE914EFD-0000-0000-0000-000000000000}"
EndProject
Project("{FAE04EC0-301F-11D3-BF4B-00C04F79EFBC}") = "OpenSim.Framework.Monitoring", "OpenSim\Framework\Monitoring\OpenSim.Framework.Monitoring.csproj", "{009F839A-0000-0000-0000-000000000000}"
EndProject
Project("{FAE04EC0-301F-11D3-BF4B-00C04F79EFBC}") = "OpenSim.Framework.Serialization", "OpenSim\Framework\Serialization\OpenSim.Framework.Serialization.csproj", "{7B610AA0-0000-0000-0000-000000000000}"
EndProject
Project("{FAE04EC0-301F-11D3-BF4B-00C04F79EFBC}") = "OpenSim.Framework.Servers", "OpenSim\Framework\Servers\OpenSim.Framework.Servers.csproj", "{17B879B0-0000-0000-0000-000000000000}"
EndProject
Project("{FAE04EC0-301F-11D3-BF4B-00C04F79EFBC}") = "OpenSim.Framework.Servers.HttpServer", "OpenSim\Framework\Servers\HttpServer\OpenSim.Framework.Servers.HttpServer.csproj", "{83E1E305-0000-0000-0000-000000000000}"
EndProject
Project("{FAE04EC0-301F-11D3-BF4B-00C04F79EFBC}") = "OpenSim.Region.ClientStack.LindenCaps", "OpenSim\Region\ClientStack\Linden\Caps\OpenSim.Region.ClientStack.LindenCaps.csproj", "{EDE743DB-0000-0000-0000-000000000000}"
EndProject
Project("{FAE04EC0-301F-11D3-BF4B-00C04F79EFBC}") = "OpenSim.Region.ClientStack.LindenUDP", "OpenSim\Region\ClientStack\Linden\UDP\OpenSim.Region.ClientStack.LindenUDP.csproj", "{8D391A53-0000-0000-0000-000000000000}"
EndProject
Project("{FAE04EC0-301F-11D3-BF4B-00C04F79EFBC}") = "OpenSim.Region.CoreModules", "OpenSim\Region\CoreModules\OpenSim.Region.CoreModules.csproj", "{D1F6FB28-0000-0000-0000-000000000000}"
EndProject
Project("{FAE04EC0-301F-11D3-BF4B-00C04F79EFBC}") = "OpenSim.Region.Framework", "OpenSim\Region\Framework\OpenSim.Region.Framework.csproj", "{18B10EC3-0000-0000-0000-000000000000}"
EndProject
Project("{FAE04EC0-301F-11D3-BF4B-00C04F79EFBC}") = "OpenSim.Region.OptionalModules", "OpenSim\Region\OptionalModules\OpenSim.Region.OptionalModules.csproj", "{20F9ED86-0000-0000-0000-000000000000}"
EndProject
Project("{FAE04EC0-301F-11D3-BF4B-00C04F79EFBC}") = "OpenSim.Region.PhysicsModule.BasicPhysics", "OpenSim\Region\PhysicsModules\BasicPhysics\OpenSim.Region.PhysicsModule.BasicPhysics.csproj", "{87D2FC58-0000-0000-0000-000000000000}"
EndProject
Project("{FAE04EC0-301F-11D3-BF4B-00C04F79EFBC}") = "OpenSim.Region.PhysicsModule.BulletS", "OpenSim\Region\PhysicsModules\BulletS\OpenSim.Region.PhysicsModule.BulletS.csproj", "{A2E37DB4-0000-0000-0000-000000000000}"
EndProject
Project("{FAE04EC0-301F-11D3-BF4B-00C04F79EFBC}") = "OpenSim.Region.PhysicsModule.Meshing", "OpenSim\Region\PhysicsModules\Meshing\OpenSim.Region.PhysicsModule.Meshing.csproj", "{9B090A8E-0000-0000-0000-000000000000}"
EndProject
Project("{FAE04EC0-301F-11D3-BF4B-00C04F79EFBC}") = "OpenSim.Region.PhysicsModule.POS", "OpenSim\Region\PhysicsModules\POS\OpenSim.Region.PhysicsModule.POS.csproj", "{EAF24D59-0000-0000-0000-000000000000}"
EndProject
Project("{FAE04EC0-301F-11D3-BF4B-00C04F79EFBC}") = "OpenSim.Region.PhysicsModule.ubOde", "OpenSim\Region\PhysicsModules\ubOde\OpenSim.Region.PhysicsModule.ubOde.csproj", "{625BA758-0000-0000-0000-000000000000}"
EndProject
Project("{FAE04EC0-301F-11D3-BF4B-00C04F79EFBC}") = "OpenSim.Region.PhysicsModule.ubOdeMeshing", "OpenSim\Region\PhysicsModules\ubOdeMeshing\OpenSim.Region.PhysicsModule.ubOdeMeshing.csproj", "{EA1E5158-0000-0000-0000-000000000000}"
EndProject
Project("{FAE04EC0-301F-11D3-BF4B-00C04F79EFBC}") = "OpenSim.Region.PhysicsModules.ConvexDecompositionDotNet", "OpenSim\Region\PhysicsModules\ConvexDecompositionDotNet\OpenSim.Region.PhysicsModules.ConvexDecompositionDotNet.csproj", "{515F1ED7-0000-0000-0000-000000000000}"
EndProject
Project("{FAE04EC0-301F-11D3-BF4B-00C04F79EFBC}") = "OpenSim.Region.PhysicsModules.SharedBase", "OpenSim\Region\PhysicsModules\SharedBase\OpenSim.Region.PhysicsModules.SharedBase.csproj", "{DD3E8188-0000-0000-0000-000000000000}"
EndProject
Project("{FAE04EC0-301F-11D3-BF4B-00C04F79EFBC}") = "OpenSim.Region.ScriptEngine.Shared", "OpenSim\Region\ScriptEngine\Shared\OpenSim.Region.ScriptEngine.Shared.csproj", "{F4377EC7-0000-0000-0000-000000000000}"
EndProject
Project("{FAE04EC0-301F-11D3-BF4B-00C04F79EFBC}") = "OpenSim.Region.ScriptEngine.Shared.Api", "OpenSim\Region\ScriptEngine\Shared\Api\Implementation\OpenSim.Region.ScriptEngine.Shared.Api.csproj", "{0BC145D7-0000-0000-0000-000000000000}"
EndProject
Project("{FAE04EC0-301F-11D3-BF4B-00C04F79EFBC}") = "OpenSim.Region.ScriptEngine.Shared.Api.Runtime", "OpenSim\Region\ScriptEngine\Shared\Api\Runtime\OpenSim.Region.ScriptEngine.Shared.Api.Runtime.csproj", "{7785FDF8-0000-0000-0000-000000000000}"
EndProject
Project("{FAE04EC0-301F-11D3-BF4B-00C04F79EFBC}") = "OpenSim.Region.ScriptEngine.YEngine", "OpenSim\Region\ScriptEngine\YEngine\OpenSim.Region.ScriptEngine.YEngine.csproj", "{7C847FC7-0000-0000-0000-000000000000}"
EndProject
Project("{FAE04EC0-301F-11D3-BF4B-00C04F79EFBC}") = "OpenSim.Server.Base", "OpenSim\Server\Base\OpenSim.Server.Base.csproj", "{A7449213-0000-0000-0000-000000000000}"
EndProject
Project("{FAE04EC0-301F-11D3-BF4B-00C04F79EFBC}") = "OpenSim.Server.Handlers", "OpenSim\Server\Handlers\OpenSim.Server.Handlers.csproj", "{58B968CE-0000-0000-0000-000000000000}"
EndProject
Project("{FAE04EC0-301F-11D3-BF4B-00C04F79EFBC}") = "OpenSim.Services.AssetService", "OpenSim\Services\AssetService\OpenSim.Services.AssetService.csproj", "{F022B1AC-0000-0000-0000-000000000000}"
EndProject
Project("{FAE04EC0-301F-11D3-BF4B-00C04F79EFBC}") = "OpenSim.Services.AuthenticationService", "OpenSim\Services\AuthenticationService\OpenSim.Services.AuthenticationService.csproj", "{72BA152A-0000-0000-0000-000000000000}"
EndProject
Project("{FAE04EC0-301F-11D3-BF4B-00C04F79EFBC}") = "OpenSim.Services.AuthorizationService", "OpenSim\Services\AuthorizationService\OpenSim.Services.AuthorizationService.csproj", "{1ABF3FC9-0000-0000-0000-000000000000}"
EndProject
Project("{FAE04EC0-301F-11D3-BF4B-00C04F79EFBC}") = "OpenSim.Services.AvatarService", "OpenSim\Services\AvatarService\OpenSim.Services.AvatarService.csproj", "{4D0634E7-0000-0000-0000-000000000000}"
EndProject
Project("{FAE04EC0-301F-11D3-BF4B-00C04F79EFBC}") = "OpenSim.Services.Base", "OpenSim\Services\Base\OpenSim.Services.Base.csproj", "{662AD02C-0000-0000-0000-000000000000}"
EndProject
Project("{FAE04EC0-301F-11D3-BF4B-00C04F79EFBC}") = "OpenSim.Services.Connectors", "OpenSim\Services\Connectors\OpenSim.Services.Connectors.csproj", "{7D77603D-0000-0000-0000-000000000000}"
EndProject
Project("{FAE04EC0-301F-11D3-BF4B-00C04F79EFBC}") = "OpenSim.Services.EstateService", "OpenSim\Services\EstateService\OpenSim.Services.EstateService.csproj", "{79428D2A-0000-0000-0000-000000000000}"
EndProject
Project("{FAE04EC0-301F-11D3-BF4B-00C04F79EFBC}") = "OpenSim.Services.FreeswitchService", "OpenSim\Services\FreeswitchService\OpenSim.Services.FreeswitchService.csproj", "{33DC8620-0000-0000-0000-000000000000}"
EndProject
Project("{FAE04EC0-301F-11D3-BF4B-00C04F79EFBC}") = "OpenSim.Services.FriendsService", "OpenSim\Services\Friends\OpenSim.Services.FriendsService.csproj", "{A6722D60-0000-0000-0000-000000000000}"
EndProject
Project("{FAE04EC0-301F-11D3-BF4B-00C04F79EFBC}") = "OpenSim.Services.FSAssetService", "OpenSim\Services\FSAssetService\OpenSim.Services.FSAssetService.csproj", "{49AA746A-0000-0000-0000-000000000000}"
EndProject
Project("{FAE04EC0-301F-11D3-BF4B-00C04F79EFBC}") = "OpenSim.Services.GridService", "OpenSim\Services\GridService\OpenSim.Services.GridService.csproj", "{25C0530D-0000-0000-0000-000000000000}"
EndProject
Project("{FAE04EC0-301F-11D3-BF4B-00C04F79EFBC}") = "OpenSim.Services.HypergridService", "OpenSim\Services\HypergridService\OpenSim.Services.HypergridService.csproj", "{5A36EA5B-0000-0000-0000-000000000000}"
EndProject
Project("{FAE04EC0-301F-11D3-BF4B-00C04F79EFBC}") = "OpenSim.Services.Interfaces", "OpenSim\Services\Interfaces\OpenSim.Services.Interfaces.csproj", "{228C0586-0000-0000-0000-000000000000}"
EndProject
Project("{FAE04EC0-301F-11D3-BF4B-00C04F79EFBC}") = "OpenSim.Services.InventoryService", "OpenSim\Services\InventoryService\OpenSim.Services.InventoryService.csproj", "{11255344-0000-0000-0000-000000000000}"
EndProject
Project("{FAE04EC0-301F-11D3-BF4B-00C04F79EFBC}") = "OpenSim.Services.LLLoginService", "OpenSim\Services\LLLoginService\OpenSim.Services.LLLoginService.csproj", "{0F8E5875-0000-0000-0000-000000000000}"
EndProject
Project("{FAE04EC0-301F-11D3-BF4B-00C04F79EFBC}") = "OpenSim.Services.MapImageService", "OpenSim\Services\MapImageService\OpenSim.Services.MapImageService.csproj", "{2DC3E0DB-0000-0000-0000-000000000000}"
EndProject
Project("{FAE04EC0-301F-11D3-BF4B-00C04F79EFBC}") = "OpenSim.Services.MuteListService", "OpenSim\Services\MuteListService\OpenSim.Services.MuteListService.csproj", "{66E25AB8-0000-0000-0000-000000000000}"
EndProject
Project("{FAE04EC0-301F-11D3-BF4B-00C04F79EFBC}") = "OpenSim.Services.PresenceService", "OpenSim\Services\PresenceService\OpenSim.Services.PresenceService.csproj", "{2BBE44E2-0000-0000-0000-000000000000}"
EndProject
Project("{FAE04EC0-301F-11D3-BF4B-00C04F79EFBC}") = "OpenSim.Services.SimulationService", "OpenSim\Services\SimulationService\OpenSim.Services.SimulationService.csproj", "{9143A987-0000-0000-0000-000000000000}"
EndProject
Project("{FAE04EC0-301F-11D3-BF4B-00C04F79EFBC}") = "OpenSim.Services.UserAccountService", "OpenSim\Services\UserAccountService\OpenSim.Services.UserAccountService.csproj", "{E9957A95-0000-0000-0000-000000000000}"
EndProject
Project("{FAE04EC0-301F-11D3-BF4B-00C04F79EFBC}") = "OpenSim.Services.UserProfilesService", "OpenSim\Services\UserProfilesService\OpenSim.Services.UserProfilesService.csproj", "{D9A2AA03-0000-0000-0000-000000000000}"
EndProject
Project("{FAE04EC0-301F-11D3-BF4B-00C04F79EFBC}") = "OpenSim.Tools.Configger", "OpenSim\Tools\Configger\OpenSim.Tools.Configger.csproj", "{C7AEB7BA-0000-0000-0000-000000000000}"
EndProject
Project("{FAE04EC0-301F-11D3-BF4B-00C04F79EFBC}") = "OpenSimBirds.Module", "addon-modules\OpenSimBirds\Module\OpenSimBirds.Module.csproj", "{225BD8EC-0000-0000-0000-000000000000}"
EndProject
Project("{FAE04EC0-301F-11D3-BF4B-00C04F79EFBC}") = "OpenSimSearch.Modules", "addon-modules\OpenSimSearch\Modules\OpenSimSearch.Modules.csproj", "{0F168857-0000-0000-0000-000000000000}"
EndProject
Project("{FAE04EC0-301F-11D3-BF4B-00C04F79EFBC}") = "OpenSimTide.Module", "addon-modules\OpenSimTide\Module\OpenSimTide.Module.csproj", "{16F23A21-0000-0000-0000-000000000000}"
EndProject
Project("{FAE04EC0-301F-11D3-BF4B-00C04F79EFBC}") = "pCampBot", "OpenSim\Tools\pCampBot\pCampBot.csproj", "{CEAF9C11-0000-0000-0000-000000000000}"
EndProject
Project("{FAE04EC0-301F-11D3-BF4B-00C04F79EFBC}") = "Robust", "OpenSim\Server\Robust.csproj", "{8D029448-0000-0000-0000-000000000000}"
EndProject
Project("{FAE04EC0-301F-11D3-BF4B-00C04F79EFBC}") = "SmartThreadPool", "ThirdParty\SmartThreadPool\SmartThreadPool.csproj", "{5921A489-0000-0000-0000-000000000000}"
EndProject
Project("{FAE04EC0-301F-11D3-BF4B-00C04F79EFBC}") = "WhoGotWhat", "addon-modules\WhoGotWhat\WhoGotWhat.csproj", "{8C391AB2-0000-0000-0000-000000000000}"
EndProject
Global
	GlobalSection(SolutionConfigurationPlatforms) = preSolution
		Debug|Any CPU = Debug|Any CPU
		Release|Any CPU = Release|Any CPU
	EndGlobalSection
	GlobalSection(ProjectConfigurationPlatforms) = postSolution
		{FD727B3E-0000-0000-0000-000000000000}.Debug|Any CPU.ActiveCfg = Debug|Any CPU
		{FD727B3E-0000-0000-0000-000000000000}.Debug|Any CPU.Build.0 = Debug|Any CPU
		{FD727B3E-0000-0000-0000-000000000000}.Release|Any CPU.ActiveCfg = Release|Any CPU
		{FD727B3E-0000-0000-0000-000000000000}.Release|Any CPU.Build.0 = Release|Any CPU
		{E23A1378-0000-0000-0000-000000000000}.Debug|Any CPU.ActiveCfg = Debug|Any CPU
		{E23A1378-0000-0000-0000-000000000000}.Debug|Any CPU.Build.0 = Debug|Any CPU
		{E23A1378-0000-0000-0000-000000000000}.Release|Any CPU.ActiveCfg = Release|Any CPU
		{E23A1378-0000-0000-0000-000000000000}.Release|Any CPU.Build.0 = Release|Any CPU
		{024FD4F7-0000-0000-0000-000000000000}.Debug|Any CPU.ActiveCfg = Debug|Any CPU
		{024FD4F7-0000-0000-0000-000000000000}.Debug|Any CPU.Build.0 = Debug|Any CPU
		{024FD4F7-0000-0000-0000-000000000000}.Release|Any CPU.ActiveCfg = Release|Any CPU
		{024FD4F7-0000-0000-0000-000000000000}.Release|Any CPU.Build.0 = Release|Any CPU
		{D019A2CB-0000-0000-0000-000000000000}.Debug|Any CPU.ActiveCfg = Debug|Any CPU
		{D019A2CB-0000-0000-0000-000000000000}.Debug|Any CPU.Build.0 = Debug|Any CPU
		{D019A2CB-0000-0000-0000-000000000000}.Release|Any CPU.ActiveCfg = Release|Any CPU
		{D019A2CB-0000-0000-0000-000000000000}.Release|Any CPU.Build.0 = Release|Any CPU
		{7BA2F69B-0000-0000-0000-000000000000}.Debug|Any CPU.ActiveCfg = Debug|Any CPU
		{7BA2F69B-0000-0000-0000-000000000000}.Debug|Any CPU.Build.0 = Debug|Any CPU
		{7BA2F69B-0000-0000-0000-000000000000}.Release|Any CPU.ActiveCfg = Release|Any CPU
		{7BA2F69B-0000-0000-0000-000000000000}.Release|Any CPU.Build.0 = Release|Any CPU
		{91DEBFEA-0000-0000-0000-000000000000}.Debug|Any CPU.ActiveCfg = Debug|Any CPU
		{91DEBFEA-0000-0000-0000-000000000000}.Debug|Any CPU.Build.0 = Debug|Any CPU
		{91DEBFEA-0000-0000-0000-000000000000}.Release|Any CPU.ActiveCfg = Release|Any CPU
		{91DEBFEA-0000-0000-0000-000000000000}.Release|Any CPU.Build.0 = Release|Any CPU
		{6DADF014-0000-0000-0000-000000000000}.Debug|Any CPU.ActiveCfg = Debug|Any CPU
		{6DADF014-0000-0000-0000-000000000000}.Debug|Any CPU.Build.0 = Debug|Any CPU
		{6DADF014-0000-0000-0000-000000000000}.Release|Any CPU.ActiveCfg = Release|Any CPU
		{6DADF014-0000-0000-0000-000000000000}.Release|Any CPU.Build.0 = Release|Any CPU
		{96913904-0000-0000-0000-000000000000}.Debug|Any CPU.ActiveCfg = Debug|Any CPU
		{96913904-0000-0000-0000-000000000000}.Debug|Any CPU.Build.0 = Debug|Any CPU
		{96913904-0000-0000-0000-000000000000}.Release|Any CPU.ActiveCfg = Release|Any CPU
		{96913904-0000-0000-0000-000000000000}.Release|Any CPU.Build.0 = Release|Any CPU
		{6DC6C194-0000-0000-0000-000000000000}.Debug|Any CPU.ActiveCfg = Debug|Any CPU
		{6DC6C194-0000-0000-0000-000000000000}.Debug|Any CPU.Build.0 = Debug|Any CPU
		{6DC6C194-0000-0000-0000-000000000000}.Release|Any CPU.ActiveCfg = Release|Any CPU
		{6DC6C194-0000-0000-0000-000000000000}.Release|Any CPU.Build.0 = Release|Any CPU
		{898F2901-0000-0000-0000-000000000000}.Debug|Any CPU.ActiveCfg = Debug|Any CPU
		{898F2901-0000-0000-0000-000000000000}.Debug|Any CPU.Build.0 = Debug|Any CPU
		{898F2901-0000-0000-0000-000000000000}.Release|Any CPU.ActiveCfg = Release|Any CPU
		{898F2901-0000-0000-0000-000000000000}.Release|Any CPU.Build.0 = Release|Any CPU
		{28593D46-0000-0000-0000-000000000000}.Debug|Any CPU.ActiveCfg = Debug|Any CPU
		{28593D46-0000-0000-0000-000000000000}.Debug|Any CPU.Build.0 = Debug|Any CPU
		{28593D46-0000-0000-0000-000000000000}.Release|Any CPU.ActiveCfg = Release|Any CPU
		{28593D46-0000-0000-0000-000000000000}.Release|Any CPU.Build.0 = Release|Any CPU
		{7813261A-0000-0000-0000-000000000000}.Debug|Any CPU.ActiveCfg = Debug|Any CPU
		{7813261A-0000-0000-0000-000000000000}.Debug|Any CPU.Build.0 = Debug|Any CPU
		{7813261A-0000-0000-0000-000000000000}.Release|Any CPU.ActiveCfg = Release|Any CPU
		{7813261A-0000-0000-0000-000000000000}.Release|Any CPU.Build.0 = Release|Any CPU
		{02612445-0000-0000-0000-000000000000}.Debug|Any CPU.ActiveCfg = Debug|Any CPU
		{02612445-0000-0000-0000-000000000000}.Debug|Any CPU.Build.0 = Debug|Any CPU
		{02612445-0000-0000-0000-000000000000}.Release|Any CPU.ActiveCfg = Release|Any CPU
		{02612445-0000-0000-0000-000000000000}.Release|Any CPU.Build.0 = Release|Any CPU
		{AD54F73D-0000-0000-0000-000000000000}.Debug|Any CPU.ActiveCfg = Debug|Any CPU
		{AD54F73D-0000-0000-0000-000000000000}.Debug|Any CPU.Build.0 = Debug|Any CPU
		{AD54F73D-0000-0000-0000-000000000000}.Release|Any CPU.ActiveCfg = Release|Any CPU
		{AD54F73D-0000-0000-0000-000000000000}.Release|Any CPU.Build.0 = Release|Any CPU
		{3040FDB3-0000-0000-0000-000000000000}.Debug|Any CPU.ActiveCfg = Debug|Any CPU
		{3040FDB3-0000-0000-0000-000000000000}.Debug|Any CPU.Build.0 = Debug|Any CPU
		{3040FDB3-0000-0000-0000-000000000000}.Release|Any CPU.ActiveCfg = Release|Any CPU
		{3040FDB3-0000-0000-0000-000000000000}.Release|Any CPU.Build.0 = Release|Any CPU
		{95972F3B-0000-0000-0000-000000000000}.Debug|Any CPU.ActiveCfg = Debug|Any CPU
		{95972F3B-0000-0000-0000-000000000000}.Debug|Any CPU.Build.0 = Debug|Any CPU
		{95972F3B-0000-0000-0000-000000000000}.Release|Any CPU.ActiveCfg = Release|Any CPU
		{95972F3B-0000-0000-0000-000000000000}.Release|Any CPU.Build.0 = Release|Any CPU
		{82D17E48-0000-0000-0000-000000000000}.Debug|Any CPU.ActiveCfg = Debug|Any CPU
		{82D17E48-0000-0000-0000-000000000000}.Debug|Any CPU.Build.0 = Debug|Any CPU
		{82D17E48-0000-0000-0000-000000000000}.Release|Any CPU.ActiveCfg = Release|Any CPU
		{82D17E48-0000-0000-0000-000000000000}.Release|Any CPU.Build.0 = Release|Any CPU
		{C0D0F41D-0000-0000-0000-000000000000}.Debug|Any CPU.ActiveCfg = Debug|Any CPU
		{C0D0F41D-0000-0000-0000-000000000000}.Debug|Any CPU.Build.0 = Debug|Any CPU
		{C0D0F41D-0000-0000-0000-000000000000}.Release|Any CPU.ActiveCfg = Release|Any CPU
		{C0D0F41D-0000-0000-0000-000000000000}.Release|Any CPU.Build.0 = Release|Any CPU
		{B8A73053-0000-0000-0000-000000000000}.Debug|Any CPU.ActiveCfg = Debug|Any CPU
		{B8A73053-0000-0000-0000-000000000000}.Debug|Any CPU.Build.0 = Debug|Any CPU
		{B8A73053-0000-0000-0000-000000000000}.Release|Any CPU.ActiveCfg = Release|Any CPU
		{B8A73053-0000-0000-0000-000000000000}.Release|Any CPU.Build.0 = Release|Any CPU
		{2F6F5831-0000-0000-0000-000000000000}.Debug|Any CPU.ActiveCfg = Debug|Any CPU
		{2F6F5831-0000-0000-0000-000000000000}.Debug|Any CPU.Build.0 = Debug|Any CPU
		{2F6F5831-0000-0000-0000-000000000000}.Release|Any CPU.ActiveCfg = Release|Any CPU
		{2F6F5831-0000-0000-0000-000000000000}.Release|Any CPU.Build.0 = Release|Any CPU
		{859D03FB-0000-0000-0000-000000000000}.Debug|Any CPU.ActiveCfg = Debug|Any CPU
		{859D03FB-0000-0000-0000-000000000000}.Debug|Any CPU.Build.0 = Debug|Any CPU
		{859D03FB-0000-0000-0000-000000000000}.Release|Any CPU.ActiveCfg = Release|Any CPU
		{859D03FB-0000-0000-0000-000000000000}.Release|Any CPU.Build.0 = Release|Any CPU
		{F889B0BC-0000-0000-0000-000000000000}.Debug|Any CPU.ActiveCfg = Debug|Any CPU
		{F889B0BC-0000-0000-0000-000000000000}.Debug|Any CPU.Build.0 = Debug|Any CPU
		{F889B0BC-0000-0000-0000-000000000000}.Release|Any CPU.ActiveCfg = Release|Any CPU
		{F889B0BC-0000-0000-0000-000000000000}.Release|Any CPU.Build.0 = Release|Any CPU
		{0252165F-0000-0000-0000-000000000000}.Debug|Any CPU.ActiveCfg = Debug|Any CPU
		{0252165F-0000-0000-0000-000000000000}.Debug|Any CPU.Build.0 = Debug|Any CPU
		{0252165F-0000-0000-0000-000000000000}.Release|Any CPU.ActiveCfg = Release|Any CPU
		{0252165F-0000-0000-0000-000000000000}.Release|Any CPU.Build.0 = Release|Any CPU
		{F1D11165-0000-0000-0000-000000000000}.Debug|Any CPU.ActiveCfg = Debug|Any CPU
		{F1D11165-0000-0000-0000-000000000000}.Debug|Any CPU.Build.0 = Debug|Any CPU
		{F1D11165-0000-0000-0000-000000000000}.Release|Any CPU.ActiveCfg = Release|Any CPU
		{F1D11165-0000-0000-0000-000000000000}.Release|Any CPU.Build.0 = Release|Any CPU
		{89BA82E9-0000-0000-0000-000000000000}.Debug|Any CPU.ActiveCfg = Debug|Any CPU
		{89BA82E9-0000-0000-0000-000000000000}.Debug|Any CPU.Build.0 = Debug|Any CPU
		{89BA82E9-0000-0000-0000-000000000000}.Release|Any CPU.ActiveCfg = Release|Any CPU
		{89BA82E9-0000-0000-0000-000000000000}.Release|Any CPU.Build.0 = Release|Any CPU
		{9877D185-0000-0000-0000-000000000000}.Debug|Any CPU.ActiveCfg = Debug|Any CPU
		{9877D185-0000-0000-0000-000000000000}.Debug|Any CPU.Build.0 = Debug|Any CPU
		{9877D185-0000-0000-0000-000000000000}.Release|Any CPU.ActiveCfg = Release|Any CPU
		{9877D185-0000-0000-0000-000000000000}.Release|Any CPU.Build.0 = Release|Any CPU
		{1304759B-0000-0000-0000-000000000000}.Debug|Any CPU.ActiveCfg = Debug|Any CPU
		{1304759B-0000-0000-0000-000000000000}.Debug|Any CPU.Build.0 = Debug|Any CPU
		{1304759B-0000-0000-0000-000000000000}.Release|Any CPU.ActiveCfg = Release|Any CPU
		{1304759B-0000-0000-0000-000000000000}.Release|Any CPU.Build.0 = Release|Any CPU
		{0E4A920C-0000-0000-0000-000000000000}.Debug|Any CPU.ActiveCfg = Debug|Any CPU
		{0E4A920C-0000-0000-0000-000000000000}.Debug|Any CPU.Build.0 = Debug|Any CPU
		{0E4A920C-0000-0000-0000-000000000000}.Release|Any CPU.ActiveCfg = Release|Any CPU
		{0E4A920C-0000-0000-0000-000000000000}.Release|Any CPU.Build.0 = Release|Any CPU
		{AE914EFD-0000-0000-0000-000000000000}.Debug|Any CPU.ActiveCfg = Debug|Any CPU
		{AE914EFD-0000-0000-0000-000000000000}.Debug|Any CPU.Build.0 = Debug|Any CPU
		{AE914EFD-0000-0000-0000-000000000000}.Release|Any CPU.ActiveCfg = Release|Any CPU
		{AE914EFD-0000-0000-0000-000000000000}.Release|Any CPU.Build.0 = Release|Any CPU
		{009F839A-0000-0000-0000-000000000000}.Debug|Any CPU.ActiveCfg = Debug|Any CPU
		{009F839A-0000-0000-0000-000000000000}.Debug|Any CPU.Build.0 = Debug|Any CPU
		{009F839A-0000-0000-0000-000000000000}.Release|Any CPU.ActiveCfg = Release|Any CPU
		{009F839A-0000-0000-0000-000000000000}.Release|Any CPU.Build.0 = Release|Any CPU
		{7B610AA0-0000-0000-0000-000000000000}.Debug|Any CPU.ActiveCfg = Debug|Any CPU
		{7B610AA0-0000-0000-0000-000000000000}.Debug|Any CPU.Build.0 = Debug|Any CPU
		{7B610AA0-0000-0000-0000-000000000000}.Release|Any CPU.ActiveCfg = Release|Any CPU
		{7B610AA0-0000-0000-0000-000000000000}.Release|Any CPU.Build.0 = Release|Any CPU
		{17B879B0-0000-0000-0000-000000000000}.Debug|Any CPU.ActiveCfg = Debug|Any CPU
		{17B879B0-0000-0000-0000-000000000000}.Debug|Any CPU.Build.0 = Debug|Any CPU
		{17B879B0-0000-0000-0000-000000000000}.Release|Any CPU.ActiveCfg = Release|Any CPU
		{17B879B0-0000-0000-0000-000000000000}.Release|Any CPU.Build.0 = Release|Any CPU
		{83E1E305-0000-0000-0000-000000000000}.Debug|Any CPU.ActiveCfg = Debug|Any CPU
		{83E1E305-0000-0000-0000-000000000000}.Debug|Any CPU.Build.0 = Debug|Any CPU
		{83E1E305-0000-0000-0000-000000000000}.Release|Any CPU.ActiveCfg = Release|Any CPU
		{83E1E305-0000-0000-0000-000000000000}.Release|Any CPU.Build.0 = Release|Any CPU
		{EDE743DB-0000-0000-0000-000000000000}.Debug|Any CPU.ActiveCfg = Debug|Any CPU
		{EDE743DB-0000-0000-0000-000000000000}.Debug|Any CPU.Build.0 = Debug|Any CPU
		{EDE743DB-0000-0000-0000-000000000000}.Release|Any CPU.ActiveCfg = Release|Any CPU
		{EDE743DB-0000-0000-0000-000000000000}.Release|Any CPU.Build.0 = Release|Any CPU
		{8D391A53-0000-0000-0000-000000000000}.Debug|Any CPU.ActiveCfg = Debug|Any CPU
		{8D391A53-0000-0000-0000-000000000000}.Debug|Any CPU.Build.0 = Debug|Any CPU
		{8D391A53-0000-0000-0000-000000000000}.Release|Any CPU.ActiveCfg = Release|Any CPU
		{8D391A53-0000-0000-0000-000000000000}.Release|Any CPU.Build.0 = Release|Any CPU
		{D1F6FB28-0000-0000-0000-000000000000}.Debug|Any CPU.ActiveCfg = Debug|Any CPU
		{D1F6FB28-0000-0000-0000-000000000000}.Debug|Any CPU.Build.0 = Debug|Any CPU
		{D1F6FB28-0000-0000-0000-000000000000}.Release|Any CPU.ActiveCfg = Release|Any CPU
		{D1F6FB28-0000-0000-0000-000000000000}.Release|Any CPU.Build.0 = Release|Any CPU
		{18B10EC3-0000-0000-0000-000000000000}.Debug|Any CPU.ActiveCfg = Debug|Any CPU
		{18B10EC3-0000-0000-0000-000000000000}.Debug|Any CPU.Build.0 = Debug|Any CPU
		{18B10EC3-0000-0000-0000-000000000000}.Release|Any CPU.ActiveCfg = Release|Any CPU
		{18B10EC3-0000-0000-0000-000000000000}.Release|Any CPU.Build.0 = Release|Any CPU
		{20F9ED86-0000-0000-0000-000000000000}.Debug|Any CPU.ActiveCfg = Debug|Any CPU
		{20F9ED86-0000-0000-0000-000000000000}.Debug|Any CPU.Build.0 = Debug|Any CPU
		{20F9ED86-0000-0000-0000-000000000000}.Release|Any CPU.ActiveCfg = Release|Any CPU
		{20F9ED86-0000-0000-0000-000000000000}.Release|Any CPU.Build.0 = Release|Any CPU
		{87D2FC58-0000-0000-0000-000000000000}.Debug|Any CPU.ActiveCfg = Debug|Any CPU
		{87D2FC58-0000-0000-0000-000000000000}.Debug|Any CPU.Build.0 = Debug|Any CPU
		{87D2FC58-0000-0000-0000-000000000000}.Release|Any CPU.ActiveCfg = Release|Any CPU
		{87D2FC58-0000-0000-0000-000000000000}.Release|Any CPU.Build.0 = Release|Any CPU
		{A2E37DB4-0000-0000-0000-000000000000}.Debug|Any CPU.ActiveCfg = Debug|Any CPU
		{A2E37DB4-0000-0000-0000-000000000000}.Debug|Any CPU.Build.0 = Debug|Any CPU
		{A2E37DB4-0000-0000-0000-000000000000}.Release|Any CPU.ActiveCfg = Release|Any CPU
		{A2E37DB4-0000-0000-0000-000000000000}.Release|Any CPU.Build.0 = Release|Any CPU
		{9B090A8E-0000-0000-0000-000000000000}.Debug|Any CPU.ActiveCfg = Debug|Any CPU
		{9B090A8E-0000-0000-0000-000000000000}.Debug|Any CPU.Build.0 = Debug|Any CPU
		{9B090A8E-0000-0000-0000-000000000000}.Release|Any CPU.ActiveCfg = Release|Any CPU
		{9B090A8E-0000-0000-0000-000000000000}.Release|Any CPU.Build.0 = Release|Any CPU
		{EAF24D59-0000-0000-0000-000000000000}.Debug|Any CPU.ActiveCfg = Debug|Any CPU
		{EAF24D59-0000-0000-0000-000000000000}.Debug|Any CPU.Build.0 = Debug|Any CPU
		{EAF24D59-0000-0000-0000-000000000000}.Release|Any CPU.ActiveCfg = Release|Any CPU
		{EAF24D59-0000-0000-0000-000000000000}.Release|Any CPU.Build.0 = Release|Any CPU
		{625BA758-0000-0000-0000-000000000000}.Debug|Any CPU.ActiveCfg = Debug|Any CPU
		{625BA758-0000-0000-0000-000000000000}.Debug|Any CPU.Build.0 = Debug|Any CPU
		{625BA758-0000-0000-0000-000000000000}.Release|Any CPU.ActiveCfg = Release|Any CPU
		{625BA758-0000-0000-0000-000000000000}.Release|Any CPU.Build.0 = Release|Any CPU
		{EA1E5158-0000-0000-0000-000000000000}.Debug|Any CPU.ActiveCfg = Debug|Any CPU
		{EA1E5158-0000-0000-0000-000000000000}.Debug|Any CPU.Build.0 = Debug|Any CPU
		{EA1E5158-0000-0000-0000-000000000000}.Release|Any CPU.ActiveCfg = Release|Any CPU
		{EA1E5158-0000-0000-0000-000000000000}.Release|Any CPU.Build.0 = Release|Any CPU
		{515F1ED7-0000-0000-0000-000000000000}.Debug|Any CPU.ActiveCfg = Debug|Any CPU
		{515F1ED7-0000-0000-0000-000000000000}.Debug|Any CPU.Build.0 = Debug|Any CPU
		{515F1ED7-0000-0000-0000-000000000000}.Release|Any CPU.ActiveCfg = Release|Any CPU
		{515F1ED7-0000-0000-0000-000000000000}.Release|Any CPU.Build.0 = Release|Any CPU
		{DD3E8188-0000-0000-0000-000000000000}.Debug|Any CPU.ActiveCfg = Debug|Any CPU
		{DD3E8188-0000-0000-0000-000000000000}.Debug|Any CPU.Build.0 = Debug|Any CPU
		{DD3E8188-0000-0000-0000-000000000000}.Release|Any CPU.ActiveCfg = Release|Any CPU
		{DD3E8188-0000-0000-0000-000000000000}.Release|Any CPU.Build.0 = Release|Any CPU
		{F4377EC7-0000-0000-0000-000000000000}.Debug|Any CPU.ActiveCfg = Debug|Any CPU
		{F4377EC7-0000-0000-0000-000000000000}.Debug|Any CPU.Build.0 = Debug|Any CPU
		{F4377EC7-0000-0000-0000-000000000000}.Release|Any CPU.ActiveCfg = Release|Any CPU
		{F4377EC7-0000-0000-0000-000000000000}.Release|Any CPU.Build.0 = Release|Any CPU
		{0BC145D7-0000-0000-0000-000000000000}.Debug|Any CPU.ActiveCfg = Debug|Any CPU
		{0BC145D7-0000-0000-0000-000000000000}.Debug|Any CPU.Build.0 = Debug|Any CPU
		{0BC145D7-0000-0000-0000-000000000000}.Release|Any CPU.ActiveCfg = Release|Any CPU
		{0BC145D7-0000-0000-0000-000000000000}.Release|Any CPU.Build.0 = Release|Any CPU
		{7785FDF8-0000-0000-0000-000000000000}.Debug|Any CPU.ActiveCfg = Debug|Any CPU
		{7785FDF8-0000-0000-0000-000000000000}.Debug|Any CPU.Build.0 = Debug|Any CPU
		{7785FDF8-0000-0000-0000-000000000000}.Release|Any CPU.ActiveCfg = Release|Any CPU
		{7785FDF8-0000-0000-0000-000000000000}.Release|Any CPU.Build.0 = Release|Any CPU
		{7C847FC7-0000-0000-0000-000000000000}.Debug|Any CPU.ActiveCfg = Debug|Any CPU
		{7C847FC7-0000-0000-0000-000000000000}.Debug|Any CPU.Build.0 = Debug|Any CPU
		{7C847FC7-0000-0000-0000-000000000000}.Release|Any CPU.ActiveCfg = Release|Any CPU
		{7C847FC7-0000-0000-0000-000000000000}.Release|Any CPU.Build.0 = Release|Any CPU
		{A7449213-0000-0000-0000-000000000000}.Debug|Any CPU.ActiveCfg = Debug|Any CPU
		{A7449213-0000-0000-0000-000000000000}.Debug|Any CPU.Build.0 = Debug|Any CPU
		{A7449213-0000-0000-0000-000000000000}.Release|Any CPU.ActiveCfg = Release|Any CPU
		{A7449213-0000-0000-0000-000000000000}.Release|Any CPU.Build.0 = Release|Any CPU
		{58B968CE-0000-0000-0000-000000000000}.Debug|Any CPU.ActiveCfg = Debug|Any CPU
		{58B968CE-0000-0000-0000-000000000000}.Debug|Any CPU.Build.0 = Debug|Any CPU
		{58B968CE-0000-0000-0000-000000000000}.Release|Any CPU.ActiveCfg = Release|Any CPU
		{58B968CE-0000-0000-0000-000000000000}.Release|Any CPU.Build.0 = Release|Any CPU
		{F022B1AC-0000-0000-0000-000000000000}.Debug|Any CPU.ActiveCfg = Debug|Any CPU
		{F022B1AC-0000-0000-0000-000000000000}.Debug|Any CPU.Build.0 = Debug|Any CPU
		{F022B1AC-0000-0000-0000-000000000000}.Release|Any CPU.ActiveCfg = Release|Any CPU
		{F022B1AC-0000-0000-0000-000000000000}.Release|Any CPU.Build.0 = Release|Any CPU
		{72BA152A-0000-0000-0000-000000000000}.Debug|Any CPU.ActiveCfg = Debug|Any CPU
		{72BA152A-0000-0000-0000-000000000000}.Debug|Any CPU.Build.0 = Debug|Any CPU
		{72BA152A-0000-0000-0000-000000000000}.Release|Any CPU.ActiveCfg = Release|Any CPU
		{72BA152A-0000-0000-0000-000000000000}.Release|Any CPU.Build.0 = Release|Any CPU
		{1ABF3FC9-0000-0000-0000-000000000000}.Debug|Any CPU.ActiveCfg = Debug|Any CPU
		{1ABF3FC9-0000-0000-0000-000000000000}.Debug|Any CPU.Build.0 = Debug|Any CPU
		{1ABF3FC9-0000-0000-0000-000000000000}.Release|Any CPU.ActiveCfg = Release|Any CPU
		{1ABF3FC9-0000-0000-0000-000000000000}.Release|Any CPU.Build.0 = Release|Any CPU
		{4D0634E7-0000-0000-0000-000000000000}.Debug|Any CPU.ActiveCfg = Debug|Any CPU
		{4D0634E7-0000-0000-0000-000000000000}.Debug|Any CPU.Build.0 = Debug|Any CPU
		{4D0634E7-0000-0000-0000-000000000000}.Release|Any CPU.ActiveCfg = Release|Any CPU
		{4D0634E7-0000-0000-0000-000000000000}.Release|Any CPU.Build.0 = Release|Any CPU
		{662AD02C-0000-0000-0000-000000000000}.Debug|Any CPU.ActiveCfg = Debug|Any CPU
		{662AD02C-0000-0000-0000-000000000000}.Debug|Any CPU.Build.0 = Debug|Any CPU
		{662AD02C-0000-0000-0000-000000000000}.Release|Any CPU.ActiveCfg = Release|Any CPU
		{662AD02C-0000-0000-0000-000000000000}.Release|Any CPU.Build.0 = Release|Any CPU
		{7D77603D-0000-0000-0000-000000000000}.Debug|Any CPU.ActiveCfg = Debug|Any CPU
		{7D77603D-0000-0000-0000-000000000000}.Debug|Any CPU.Build.0 = Debug|Any CPU
		{7D77603D-0000-0000-0000-000000000000}.Release|Any CPU.ActiveCfg = Release|Any CPU
		{7D77603D-0000-0000-0000-000000000000}.Release|Any CPU.Build.0 = Release|Any CPU
		{79428D2A-0000-0000-0000-000000000000}.Debug|Any CPU.ActiveCfg = Debug|Any CPU
		{79428D2A-0000-0000-0000-000000000000}.Debug|Any CPU.Build.0 = Debug|Any CPU
		{79428D2A-0000-0000-0000-000000000000}.Release|Any CPU.ActiveCfg = Release|Any CPU
		{79428D2A-0000-0000-0000-000000000000}.Release|Any CPU.Build.0 = Release|Any CPU
		{33DC8620-0000-0000-0000-000000000000}.Debug|Any CPU.ActiveCfg = Debug|Any CPU
		{33DC8620-0000-0000-0000-000000000000}.Debug|Any CPU.Build.0 = Debug|Any CPU
		{33DC8620-0000-0000-0000-000000000000}.Release|Any CPU.ActiveCfg = Release|Any CPU
		{33DC8620-0000-0000-0000-000000000000}.Release|Any CPU.Build.0 = Release|Any CPU
		{A6722D60-0000-0000-0000-000000000000}.Debug|Any CPU.ActiveCfg = Debug|Any CPU
		{A6722D60-0000-0000-0000-000000000000}.Debug|Any CPU.Build.0 = Debug|Any CPU
		{A6722D60-0000-0000-0000-000000000000}.Release|Any CPU.ActiveCfg = Release|Any CPU
		{A6722D60-0000-0000-0000-000000000000}.Release|Any CPU.Build.0 = Release|Any CPU
		{49AA746A-0000-0000-0000-000000000000}.Debug|Any CPU.ActiveCfg = Debug|Any CPU
		{49AA746A-0000-0000-0000-000000000000}.Debug|Any CPU.Build.0 = Debug|Any CPU
		{49AA746A-0000-0000-0000-000000000000}.Release|Any CPU.ActiveCfg = Release|Any CPU
		{49AA746A-0000-0000-0000-000000000000}.Release|Any CPU.Build.0 = Release|Any CPU
		{25C0530D-0000-0000-0000-000000000000}.Debug|Any CPU.ActiveCfg = Debug|Any CPU
		{25C0530D-0000-0000-0000-000000000000}.Debug|Any CPU.Build.0 = Debug|Any CPU
		{25C0530D-0000-0000-0000-000000000000}.Release|Any CPU.ActiveCfg = Release|Any CPU
		{25C0530D-0000-0000-0000-000000000000}.Release|Any CPU.Build.0 = Release|Any CPU
		{5A36EA5B-0000-0000-0000-000000000000}.Debug|Any CPU.ActiveCfg = Debug|Any CPU
		{5A36EA5B-0000-0000-0000-000000000000}.Debug|Any CPU.Build.0 = Debug|Any CPU
		{5A36EA5B-0000-0000-0000-000000000000}.Release|Any CPU.ActiveCfg = Release|Any CPU
		{5A36EA5B-0000-0000-0000-000000000000}.Release|Any CPU.Build.0 = Release|Any CPU
		{228C0586-0000-0000-0000-000000000000}.Debug|Any CPU.ActiveCfg = Debug|Any CPU
		{228C0586-0000-0000-0000-000000000000}.Debug|Any CPU.Build.0 = Debug|Any CPU
		{228C0586-0000-0000-0000-000000000000}.Release|Any CPU.ActiveCfg = Release|Any CPU
		{228C0586-0000-0000-0000-000000000000}.Release|Any CPU.Build.0 = Release|Any CPU
		{11255344-0000-0000-0000-000000000000}.Debug|Any CPU.ActiveCfg = Debug|Any CPU
		{11255344-0000-0000-0000-000000000000}.Debug|Any CPU.Build.0 = Debug|Any CPU
		{11255344-0000-0000-0000-000000000000}.Release|Any CPU.ActiveCfg = Release|Any CPU
		{11255344-0000-0000-0000-000000000000}.Release|Any CPU.Build.0 = Release|Any CPU
		{0F8E5875-0000-0000-0000-000000000000}.Debug|Any CPU.ActiveCfg = Debug|Any CPU
		{0F8E5875-0000-0000-0000-000000000000}.Debug|Any CPU.Build.0 = Debug|Any CPU
		{0F8E5875-0000-0000-0000-000000000000}.Release|Any CPU.ActiveCfg = Release|Any CPU
		{0F8E5875-0000-0000-0000-000000000000}.Release|Any CPU.Build.0 = Release|Any CPU
		{2DC3E0DB-0000-0000-0000-000000000000}.Debug|Any CPU.ActiveCfg = Debug|Any CPU
		{2DC3E0DB-0000-0000-0000-000000000000}.Debug|Any CPU.Build.0 = Debug|Any CPU
		{2DC3E0DB-0000-0000-0000-000000000000}.Release|Any CPU.ActiveCfg = Release|Any CPU
		{2DC3E0DB-0000-0000-0000-000000000000}.Release|Any CPU.Build.0 = Release|Any CPU
		{66E25AB8-0000-0000-0000-000000000000}.Debug|Any CPU.ActiveCfg = Debug|Any CPU
		{66E25AB8-0000-0000-0000-000000000000}.Debug|Any CPU.Build.0 = Debug|Any CPU
		{66E25AB8-0000-0000-0000-000000000000}.Release|Any CPU.ActiveCfg = Release|Any CPU
		{66E25AB8-0000-0000-0000-000000000000}.Release|Any CPU.Build.0 = Release|Any CPU
		{2BBE44E2-0000-0000-0000-000000000000}.Debug|Any CPU.ActiveCfg = Debug|Any CPU
		{2BBE44E2-0000-0000-0000-000000000000}.Debug|Any CPU.Build.0 = Debug|Any CPU
		{2BBE44E2-0000-0000-0000-000000000000}.Release|Any CPU.ActiveCfg = Release|Any CPU
		{2BBE44E2-0000-0000-0000-000000000000}.Release|Any CPU.Build.0 = Release|Any CPU
		{9143A987-0000-0000-0000-000000000000}.Debug|Any CPU.ActiveCfg = Debug|Any CPU
		{9143A987-0000-0000-0000-000000000000}.Debug|Any CPU.Build.0 = Debug|Any CPU
		{9143A987-0000-0000-0000-000000000000}.Release|Any CPU.ActiveCfg = Release|Any CPU
		{9143A987-0000-0000-0000-000000000000}.Release|Any CPU.Build.0 = Release|Any CPU
		{E9957A95-0000-0000-0000-000000000000}.Debug|Any CPU.ActiveCfg = Debug|Any CPU
		{E9957A95-0000-0000-0000-000000000000}.Debug|Any CPU.Build.0 = Debug|Any CPU
		{E9957A95-0000-0000-0000-000000000000}.Release|Any CPU.ActiveCfg = Release|Any CPU
		{E9957A95-0000-0000-0000-000000000000}.Release|Any CPU.Build.0 = Release|Any CPU
		{D9A2AA03-0000-0000-0000-000000000000}.Debug|Any CPU.ActiveCfg = Debug|Any CPU
		{D9A2AA03-0000-0000-0000-000000000000}.Debug|Any CPU.Build.0 = Debug|Any CPU
		{D9A2AA03-0000-0000-0000-000000000000}.Release|Any CPU.ActiveCfg = Release|Any CPU
		{D9A2AA03-0000-0000-0000-000000000000}.Release|Any CPU.Build.0 = Release|Any CPU
		{C7AEB7BA-0000-0000-0000-000000000000}.Debug|Any CPU.ActiveCfg = Debug|Any CPU
		{C7AEB7BA-0000-0000-0000-000000000000}.Debug|Any CPU.Build.0 = Debug|Any CPU
		{C7AEB7BA-0000-0000-0000-000000000000}.Release|Any CPU.ActiveCfg = Release|Any CPU
		{C7AEB7BA-0000-0000-0000-000000000000}.Release|Any CPU.Build.0 = Release|Any CPU
		{225BD8EC-0000-0000-0000-000000000000}.Debug|Any CPU.ActiveCfg = Debug|Any CPU
		{225BD8EC-0000-0000-0000-000000000000}.Debug|Any CPU.Build.0 = Debug|Any CPU
		{225BD8EC-0000-0000-0000-000000000000}.Release|Any CPU.ActiveCfg = Release|Any CPU
		{225BD8EC-0000-0000-0000-000000000000}.Release|Any CPU.Build.0 = Release|Any CPU
		{0F168857-0000-0000-0000-000000000000}.Debug|Any CPU.ActiveCfg = Debug|Any CPU
		{0F168857-0000-0000-0000-000000000000}.Debug|Any CPU.Build.0 = Debug|Any CPU
		{0F168857-0000-0000-0000-000000000000}.Release|Any CPU.ActiveCfg = Release|Any CPU
		{0F168857-0000-0000-0000-000000000000}.Release|Any CPU.Build.0 = Release|Any CPU
		{16F23A21-0000-0000-0000-000000000000}.Debug|Any CPU.ActiveCfg = Debug|Any CPU
		{16F23A21-0000-0000-0000-000000000000}.Debug|Any CPU.Build.0 = Debug|Any CPU
		{16F23A21-0000-0000-0000-000000000000}.Release|Any CPU.ActiveCfg = Release|Any CPU
		{16F23A21-0000-0000-0000-000000000000}.Release|Any CPU.Build.0 = Release|Any CPU
		{CEAF9C11-0000-0000-0000-000000000000}.Debug|Any CPU.ActiveCfg = Debug|Any CPU
		{CEAF9C11-0000-0000-0000-000000000000}.Debug|Any CPU.Build.0 = Debug|Any CPU
		{CEAF9C11-0000-0000-0000-000000000000}.Release|Any CPU.ActiveCfg = Release|Any CPU
		{CEAF9C11-0000-0000-0000-000000000000}.Release|Any CPU.Build.0 = Release|Any CPU
		{8D029448-0000-0000-0000-000000000000}.Debug|Any CPU.ActiveCfg = Debug|Any CPU
		{8D029448-0000-0000-0000-000000000000}.Debug|Any CPU.Build.0 = Debug|Any CPU
		{8D029448-0000-0000-0000-000000000000}.Release|Any CPU.ActiveCfg = Release|Any CPU
		{8D029448-0000-0000-0000-000000000000}.Release|Any CPU.Build.0 = Release|Any CPU
		{5921A489-0000-0000-0000-000000000000}.Debug|Any CPU.ActiveCfg = Debug|Any CPU
		{5921A489-0000-0000-0000-000000000000}.Debug|Any CPU.Build.0 = Debug|Any CPU
		{5921A489-0000-0000-0000-000000000000}.Release|Any CPU.ActiveCfg = Release|Any CPU
		{5921A489-0000-0000-0000-000000000000}.Release|Any CPU.Build.0 = Release|Any CPU
		{8C391AB2-0000-0000-0000-000000000000}.Debug|Any CPU.ActiveCfg = Debug|Any CPU
		{8C391AB2-0000-0000-0000-000000000000}.Debug|Any CPU.Build.0 = Debug|Any CPU
		{8C391AB2-0000-0000-0000-000000000000}.Release|Any CPU.ActiveCfg = Release|Any CPU
		{8C391AB2-0000-0000-0000-000000000000}.Release|Any CPU.Build.0 = Release|Any CPU
	EndGlobalSection
EndGlobal
